// !$*UTF8*$!
{
	archiveVersion = 1;
	classes = {
	};
	objectVersion = 46;
	objects = {

/* Begin PBXBuildFile section */
		D9418D3917D4D8750073B48F /* GenericContainer.cc in Sources */ = {isa = PBXBuildFile; fileRef = D9418D3417D4D8750073B48F /* GenericContainer.cc */; };
		D9418D3A17D4D8750073B48F /* GenericContainer.cc in Sources */ = {isa = PBXBuildFile; fileRef = D9418D3417D4D8750073B48F /* GenericContainer.cc */; };
		D9418D3B17D4D8750073B48F /* GenericContainer.cc in Sources */ = {isa = PBXBuildFile; fileRef = D9418D3417D4D8750073B48F /* GenericContainer.cc */; };
		D9418D3C17D4D8750073B48F /* GenericContainer.cc in Sources */ = {isa = PBXBuildFile; fileRef = D9418D3417D4D8750073B48F /* GenericContainer.cc */; };
		D9418D3D17D4D8750073B48F /* GenericContainer.cc in Sources */ = {isa = PBXBuildFile; fileRef = D9418D3417D4D8750073B48F /* GenericContainer.cc */; };
		D9418D3E17D4D8750073B48F /* GenericContainer.cc in Sources */ = {isa = PBXBuildFile; fileRef = D9418D3417D4D8750073B48F /* GenericContainer.cc */; };
		D9418D3F17D4D8750073B48F /* GenericContainer.cc in Sources */ = {isa = PBXBuildFile; fileRef = D9418D3417D4D8750073B48F /* GenericContainer.cc */; };
		D9418D4017D4D8750073B48F /* GenericContainerCinterface.cc in Sources */ = {isa = PBXBuildFile; fileRef = D9418D3617D4D8750073B48F /* GenericContainerCinterface.cc */; };
		D9418D4117D4D8750073B48F /* GenericContainerCinterface.cc in Sources */ = {isa = PBXBuildFile; fileRef = D9418D3617D4D8750073B48F /* GenericContainerCinterface.cc */; };
		D9418D4217D4D8750073B48F /* GenericContainerCinterface.cc in Sources */ = {isa = PBXBuildFile; fileRef = D9418D3617D4D8750073B48F /* GenericContainerCinterface.cc */; };
		D9418D4317D4D8750073B48F /* GenericContainerCinterface.cc in Sources */ = {isa = PBXBuildFile; fileRef = D9418D3617D4D8750073B48F /* GenericContainerCinterface.cc */; };
		D9418D4417D4D8750073B48F /* GenericContainerCinterface.cc in Sources */ = {isa = PBXBuildFile; fileRef = D9418D3617D4D8750073B48F /* GenericContainerCinterface.cc */; };
		D9418D4517D4D8750073B48F /* GenericContainerCinterface.cc in Sources */ = {isa = PBXBuildFile; fileRef = D9418D3617D4D8750073B48F /* GenericContainerCinterface.cc */; };
		D9418D4617D4D8750073B48F /* GenericContainerCinterface.cc in Sources */ = {isa = PBXBuildFile; fileRef = D9418D3617D4D8750073B48F /* GenericContainerCinterface.cc */; };
		D9418D4717D4D8750073B48F /* GenericContainerSupport.cc in Sources */ = {isa = PBXBuildFile; fileRef = D9418D3817D4D8750073B48F /* GenericContainerSupport.cc */; };
		D9418D4817D4D8750073B48F /* GenericContainerSupport.cc in Sources */ = {isa = PBXBuildFile; fileRef = D9418D3817D4D8750073B48F /* GenericContainerSupport.cc */; };
		D9418D4917D4D8750073B48F /* GenericContainerSupport.cc in Sources */ = {isa = PBXBuildFile; fileRef = D9418D3817D4D8750073B48F /* GenericContainerSupport.cc */; };
		D9418D4A17D4D8750073B48F /* GenericContainerSupport.cc in Sources */ = {isa = PBXBuildFile; fileRef = D9418D3817D4D8750073B48F /* GenericContainerSupport.cc */; };
		D9418D4B17D4D8750073B48F /* GenericContainerSupport.cc in Sources */ = {isa = PBXBuildFile; fileRef = D9418D3817D4D8750073B48F /* GenericContainerSupport.cc */; };
		D9418D4C17D4D8750073B48F /* GenericContainerSupport.cc in Sources */ = {isa = PBXBuildFile; fileRef = D9418D3817D4D8750073B48F /* GenericContainerSupport.cc */; };
		D9418D4D17D4D8750073B48F /* GenericContainerSupport.cc in Sources */ = {isa = PBXBuildFile; fileRef = D9418D3817D4D8750073B48F /* GenericContainerSupport.cc */; };
		D9418D5517D4D8E40073B48F /* example1.cc in Sources */ = {isa = PBXBuildFile; fileRef = D9418D4E17D4D8900073B48F /* example1.cc */; };
		D9418D5617D4D8E80073B48F /* example2.cc in Sources */ = {isa = PBXBuildFile; fileRef = D9418D4F17D4D8900073B48F /* example2.cc */; };
		D9418D5717D4D8F30073B48F /* example3.cc in Sources */ = {isa = PBXBuildFile; fileRef = D9418D5017D4D8900073B48F /* example3.cc */; };
		D9418D5817D4D8F60073B48F /* example4.cc in Sources */ = {isa = PBXBuildFile; fileRef = D9418D5117D4D8900073B48F /* example4.cc */; };
		D9418D5917D4D8FA0073B48F /* example5.cc in Sources */ = {isa = PBXBuildFile; fileRef = D9418D5217D4D8900073B48F /* example5.cc */; };
		D9418D5A17D4D8FE0073B48F /* example6.c in Sources */ = {isa = PBXBuildFile; fileRef = D9418D5317D4D8900073B48F /* example6.c */; };
		D9418D5B17D4D9020073B48F /* example7.cc in Sources */ = {isa = PBXBuildFile; fileRef = D9418D5417D4D8900073B48F /* example7.cc */; };
/* End PBXBuildFile section */

/* Begin PBXCopyFilesBuildPhase section */
		D95C248117CD4341007A0BE4 /* CopyFiles */ = {
			isa = PBXCopyFilesBuildPhase;
			buildActionMask = 2147483647;
			dstPath = /usr/share/man/man1/;
			dstSubfolderSpec = 0;
			files = (
			);
			runOnlyForDeploymentPostprocessing = 1;
		};
		D976EC5717C80D35008E86F6 /* CopyFiles */ = {
			isa = PBXCopyFilesBuildPhase;
			buildActionMask = 2147483647;
			dstPath = /usr/share/man/man1/;
			dstSubfolderSpec = 0;
			files = (
			);
			runOnlyForDeploymentPostprocessing = 1;
		};
		D976EC6417C80D44008E86F6 /* CopyFiles */ = {
			isa = PBXCopyFilesBuildPhase;
			buildActionMask = 2147483647;
			dstPath = /usr/share/man/man1/;
			dstSubfolderSpec = 0;
			files = (
			);
			runOnlyForDeploymentPostprocessing = 1;
		};
		D976EC7117C80D4F008E86F6 /* CopyFiles */ = {
			isa = PBXCopyFilesBuildPhase;
			buildActionMask = 2147483647;
			dstPath = /usr/share/man/man1/;
			dstSubfolderSpec = 0;
			files = (
			);
			runOnlyForDeploymentPostprocessing = 1;
		};
		D976EC7E17C80D5B008E86F6 /* CopyFiles */ = {
			isa = PBXCopyFilesBuildPhase;
			buildActionMask = 2147483647;
			dstPath = /usr/share/man/man1/;
			dstSubfolderSpec = 0;
			files = (
			);
			runOnlyForDeploymentPostprocessing = 1;
		};
		D9DB2C0C17BA37B000BBE02D /* CopyFiles */ = {
			isa = PBXCopyFilesBuildPhase;
			buildActionMask = 2147483647;
			dstPath = /usr/share/man/man1/;
			dstSubfolderSpec = 0;
			files = (
			);
			runOnlyForDeploymentPostprocessing = 1;
		};
		D9F123CE17CFDF6D0045F645 /* CopyFiles */ = {
			isa = PBXCopyFilesBuildPhase;
			buildActionMask = 2147483647;
			dstPath = /usr/share/man/man1/;
			dstSubfolderSpec = 0;
			files = (
			);
			runOnlyForDeploymentPostprocessing = 1;
		};
/* End PBXCopyFilesBuildPhase section */

/* Begin PBXFileReference section */
		D9418D3417D4D8750073B48F /* GenericContainer.cc */ = {isa = PBXFileReference; fileEncoding = 4; lastKnownFileType = sourcecode.cpp.cpp; path = GenericContainer.cc; sourceTree = "<group>"; };
		D9418D3517D4D8750073B48F /* GenericContainer.hh */ = {isa = PBXFileReference; fileEncoding = 4; lastKnownFileType = sourcecode.cpp.h; path = GenericContainer.hh; sourceTree = "<group>"; };
		D9418D3617D4D8750073B48F /* GenericContainerCinterface.cc */ = {isa = PBXFileReference; fileEncoding = 4; lastKnownFileType = sourcecode.cpp.cpp; path = GenericContainerCinterface.cc; sourceTree = "<group>"; };
		D9418D3717D4D8750073B48F /* GenericContainerCinterface.h */ = {isa = PBXFileReference; fileEncoding = 4; lastKnownFileType = sourcecode.c.h; path = GenericContainerCinterface.h; sourceTree = "<group>"; };
		D9418D3817D4D8750073B48F /* GenericContainerSupport.cc */ = {isa = PBXFileReference; fileEncoding = 4; lastKnownFileType = sourcecode.cpp.cpp; path = GenericContainerSupport.cc; sourceTree = "<group>"; };
		D9418D4E17D4D8900073B48F /* example1.cc */ = {isa = PBXFileReference; lastKnownFileType = sourcecode.cpp.cpp; name = example1.cc; path = examples/example1.cc; sourceTree = "<group>"; };
		D9418D4F17D4D8900073B48F /* example2.cc */ = {isa = PBXFileReference; lastKnownFileType = sourcecode.cpp.cpp; name = example2.cc; path = examples/example2.cc; sourceTree = "<group>"; };
		D9418D5017D4D8900073B48F /* example3.cc */ = {isa = PBXFileReference; lastKnownFileType = sourcecode.cpp.cpp; name = example3.cc; path = examples/example3.cc; sourceTree = "<group>"; };
		D9418D5117D4D8900073B48F /* example4.cc */ = {isa = PBXFileReference; lastKnownFileType = sourcecode.cpp.cpp; name = example4.cc; path = examples/example4.cc; sourceTree = "<group>"; };
		D9418D5217D4D8900073B48F /* example5.cc */ = {isa = PBXFileReference; lastKnownFileType = sourcecode.cpp.cpp; name = example5.cc; path = examples/example5.cc; sourceTree = "<group>"; };
		D9418D5317D4D8900073B48F /* example6.c */ = {isa = PBXFileReference; lastKnownFileType = sourcecode.c.c; name = example6.c; path = examples/example6.c; sourceTree = "<group>"; };
		D9418D5417D4D8900073B48F /* example7.cc */ = {isa = PBXFileReference; lastKnownFileType = sourcecode.cpp.cpp; name = example7.cc; path = examples/example7.cc; sourceTree = "<group>"; };
		D95C248317CD4341007A0BE4 /* test6 */ = {isa = PBXFileReference; explicitFileType = "compiled.mach-o.executable"; includeInIndex = 0; path = test6; sourceTree = BUILT_PRODUCTS_DIR; };
		D976EC5917C80D35008E86F6 /* test2 */ = {isa = PBXFileReference; explicitFileType = "compiled.mach-o.executable"; includeInIndex = 0; path = test2; sourceTree = BUILT_PRODUCTS_DIR; };
		D976EC6617C80D44008E86F6 /* test3 */ = {isa = PBXFileReference; explicitFileType = "compiled.mach-o.executable"; includeInIndex = 0; path = test3; sourceTree = BUILT_PRODUCTS_DIR; };
		D976EC7317C80D4F008E86F6 /* test4 */ = {isa = PBXFileReference; explicitFileType = "compiled.mach-o.executable"; includeInIndex = 0; path = test4; sourceTree = BUILT_PRODUCTS_DIR; };
		D976EC8017C80D5B008E86F6 /* test5 */ = {isa = PBXFileReference; explicitFileType = "compiled.mach-o.executable"; includeInIndex = 0; path = test5; sourceTree = BUILT_PRODUCTS_DIR; };
		D9DB2C0E17BA37B000BBE02D /* GenericTypeContainer */ = {isa = PBXFileReference; explicitFileType = "compiled.mach-o.executable"; includeInIndex = 0; name = GenericTypeContainer; path = test1; sourceTree = BUILT_PRODUCTS_DIR; };
		D9F123D017CFDF6D0045F645 /* test7 */ = {isa = PBXFileReference; explicitFileType = "compiled.mach-o.executable"; includeInIndex = 0; path = test7; sourceTree = BUILT_PRODUCTS_DIR; };
/* End PBXFileReference section */

/* Begin PBXFrameworksBuildPhase section */
		D95C248017CD4341007A0BE4 /* Frameworks */ = {
			isa = PBXFrameworksBuildPhase;
			buildActionMask = 2147483647;
			files = (
			);
			runOnlyForDeploymentPostprocessing = 0;
		};
		D976EC5617C80D35008E86F6 /* Frameworks */ = {
			isa = PBXFrameworksBuildPhase;
			buildActionMask = 2147483647;
			files = (
			);
			runOnlyForDeploymentPostprocessing = 0;
		};
		D976EC6317C80D44008E86F6 /* Frameworks */ = {
			isa = PBXFrameworksBuildPhase;
			buildActionMask = 2147483647;
			files = (
			);
			runOnlyForDeploymentPostprocessing = 0;
		};
		D976EC7017C80D4F008E86F6 /* Frameworks */ = {
			isa = PBXFrameworksBuildPhase;
			buildActionMask = 2147483647;
			files = (
			);
			runOnlyForDeploymentPostprocessing = 0;
		};
		D976EC7D17C80D5B008E86F6 /* Frameworks */ = {
			isa = PBXFrameworksBuildPhase;
			buildActionMask = 2147483647;
			files = (
			);
			runOnlyForDeploymentPostprocessing = 0;
		};
		D9DB2C0B17BA37B000BBE02D /* Frameworks */ = {
			isa = PBXFrameworksBuildPhase;
			buildActionMask = 2147483647;
			files = (
			);
			runOnlyForDeploymentPostprocessing = 0;
		};
		D9F123CD17CFDF6D0045F645 /* Frameworks */ = {
			isa = PBXFrameworksBuildPhase;
			buildActionMask = 2147483647;
			files = (
			);
			runOnlyForDeploymentPostprocessing = 0;
		};
/* End PBXFrameworksBuildPhase section */

/* Begin PBXGroup section */
		D9418D3317D4D8750073B48F /* srcs */ = {
			isa = PBXGroup;
			children = (
				D9418D3417D4D8750073B48F /* GenericContainer.cc */,
				D9418D3517D4D8750073B48F /* GenericContainer.hh */,
				D9418D3617D4D8750073B48F /* GenericContainerCinterface.cc */,
				D9418D3717D4D8750073B48F /* GenericContainerCinterface.h */,
				D9418D3817D4D8750073B48F /* GenericContainerSupport.cc */,
			);
			path = srcs;
			sourceTree = SOURCE_ROOT;
		};
		D9DB2C0517BA37B000BBE02D = {
			isa = PBXGroup;
			children = (
				D9418D4E17D4D8900073B48F /* example1.cc */,
				D9418D4F17D4D8900073B48F /* example2.cc */,
				D9418D5017D4D8900073B48F /* example3.cc */,
				D9418D5117D4D8900073B48F /* example4.cc */,
				D9418D5217D4D8900073B48F /* example5.cc */,
				D9418D5317D4D8900073B48F /* example6.c */,
				D9418D5417D4D8900073B48F /* example7.cc */,
				D9418D3317D4D8750073B48F /* srcs */,
				D9DB2C0F17BA37B000BBE02D /* Products */,
			);
			sourceTree = "<group>";
		};
		D9DB2C0F17BA37B000BBE02D /* Products */ = {
			isa = PBXGroup;
			children = (
				D9DB2C0E17BA37B000BBE02D /* GenericTypeContainer */,
				D976EC5917C80D35008E86F6 /* test2 */,
				D976EC6617C80D44008E86F6 /* test3 */,
				D976EC7317C80D4F008E86F6 /* test4 */,
				D976EC8017C80D5B008E86F6 /* test5 */,
				D95C248317CD4341007A0BE4 /* test6 */,
				D9F123D017CFDF6D0045F645 /* test7 */,
			);
			name = Products;
			sourceTree = "<group>";
		};
/* End PBXGroup section */

/* Begin PBXNativeTarget section */
		D95C248217CD4341007A0BE4 /* example6 */ = {
			isa = PBXNativeTarget;
			buildConfigurationList = D95C248917CD4341007A0BE4 /* Build configuration list for PBXNativeTarget "example6" */;
			buildPhases = (
				D95C247F17CD4341007A0BE4 /* Sources */,
				D95C248017CD4341007A0BE4 /* Frameworks */,
				D95C248117CD4341007A0BE4 /* CopyFiles */,
			);
			buildRules = (
			);
			dependencies = (
			);
			name = example6;
			productName = test6;
			productReference = D95C248317CD4341007A0BE4 /* test6 */;
			productType = "com.apple.product-type.tool";
		};
		D976EC5817C80D35008E86F6 /* example2 */ = {
			isa = PBXNativeTarget;
			buildConfigurationList = D976EC5F17C80D35008E86F6 /* Build configuration list for PBXNativeTarget "example2" */;
			buildPhases = (
				D976EC5517C80D35008E86F6 /* Sources */,
				D976EC5617C80D35008E86F6 /* Frameworks */,
				D976EC5717C80D35008E86F6 /* CopyFiles */,
			);
			buildRules = (
			);
			dependencies = (
			);
			name = example2;
			productName = test2;
			productReference = D976EC5917C80D35008E86F6 /* test2 */;
			productType = "com.apple.product-type.tool";
		};
		D976EC6517C80D44008E86F6 /* example3 */ = {
			isa = PBXNativeTarget;
			buildConfigurationList = D976EC6C17C80D44008E86F6 /* Build configuration list for PBXNativeTarget "example3" */;
			buildPhases = (
				D976EC6217C80D44008E86F6 /* Sources */,
				D976EC6317C80D44008E86F6 /* Frameworks */,
				D976EC6417C80D44008E86F6 /* CopyFiles */,
			);
			buildRules = (
			);
			dependencies = (
			);
			name = example3;
			productName = test3;
			productReference = D976EC6617C80D44008E86F6 /* test3 */;
			productType = "com.apple.product-type.tool";
		};
		D976EC7217C80D4F008E86F6 /* example4 */ = {
			isa = PBXNativeTarget;
			buildConfigurationList = D976EC7917C80D4F008E86F6 /* Build configuration list for PBXNativeTarget "example4" */;
			buildPhases = (
				D976EC6F17C80D4F008E86F6 /* Sources */,
				D976EC7017C80D4F008E86F6 /* Frameworks */,
				D976EC7117C80D4F008E86F6 /* CopyFiles */,
			);
			buildRules = (
			);
			dependencies = (
			);
			name = example4;
			productName = test4;
			productReference = D976EC7317C80D4F008E86F6 /* test4 */;
			productType = "com.apple.product-type.tool";
		};
		D976EC7F17C80D5B008E86F6 /* example5 */ = {
			isa = PBXNativeTarget;
			buildConfigurationList = D976EC8617C80D5B008E86F6 /* Build configuration list for PBXNativeTarget "example5" */;
			buildPhases = (
				D976EC7C17C80D5B008E86F6 /* Sources */,
				D976EC7D17C80D5B008E86F6 /* Frameworks */,
				D976EC7E17C80D5B008E86F6 /* CopyFiles */,
			);
			buildRules = (
			);
			dependencies = (
			);
			name = example5;
			productName = test5;
			productReference = D976EC8017C80D5B008E86F6 /* test5 */;
			productType = "com.apple.product-type.tool";
		};
		D9DB2C0D17BA37B000BBE02D /* example1 */ = {
			isa = PBXNativeTarget;
			buildConfigurationList = D9DB2C1717BA37B000BBE02D /* Build configuration list for PBXNativeTarget "example1" */;
			buildPhases = (
				D9DB2C0A17BA37B000BBE02D /* Sources */,
				D9DB2C0B17BA37B000BBE02D /* Frameworks */,
				D9DB2C0C17BA37B000BBE02D /* CopyFiles */,
			);
			buildRules = (
			);
			dependencies = (
			);
			name = example1;
			productName = GenericTypeContainer;
			productReference = D9DB2C0E17BA37B000BBE02D /* GenericTypeContainer */;
			productType = "com.apple.product-type.tool";
		};
		D9F123CF17CFDF6D0045F645 /* example7 */ = {
			isa = PBXNativeTarget;
			buildConfigurationList = D9F123D617CFDF6D0045F645 /* Build configuration list for PBXNativeTarget "example7" */;
			buildPhases = (
				D9F123CC17CFDF6D0045F645 /* Sources */,
				D9F123CD17CFDF6D0045F645 /* Frameworks */,
				D9F123CE17CFDF6D0045F645 /* CopyFiles */,
			);
			buildRules = (
			);
			dependencies = (
			);
			name = example7;
			productName = test7;
			productReference = D9F123D017CFDF6D0045F645 /* test7 */;
			productType = "com.apple.product-type.tool";
		};
/* End PBXNativeTarget section */

/* Begin PBXProject section */
		D9DB2C0617BA37B000BBE02D /* Project object */ = {
			isa = PBXProject;
			attributes = {
				LastUpgradeCheck = 0460;
				ORGANIZATIONNAME = "Enrico Bertolazzi";
			};
			buildConfigurationList = D9DB2C0917BA37B000BBE02D /* Build configuration list for PBXProject "GenericContainer" */;
			compatibilityVersion = "Xcode 3.2";
			developmentRegion = English;
			hasScannedForEncodings = 0;
			knownRegions = (
				en,
			);
			mainGroup = D9DB2C0517BA37B000BBE02D;
			productRefGroup = D9DB2C0F17BA37B000BBE02D /* Products */;
			projectDirPath = "";
			projectRoot = "";
			targets = (
				D9DB2C0D17BA37B000BBE02D /* example1 */,
				D976EC5817C80D35008E86F6 /* example2 */,
				D976EC6517C80D44008E86F6 /* example3 */,
				D976EC7217C80D4F008E86F6 /* example4 */,
				D976EC7F17C80D5B008E86F6 /* example5 */,
				D95C248217CD4341007A0BE4 /* example6 */,
				D9F123CF17CFDF6D0045F645 /* example7 */,
			);
		};
/* End PBXProject section */

/* Begin PBXSourcesBuildPhase section */
		D95C247F17CD4341007A0BE4 /* Sources */ = {
			isa = PBXSourcesBuildPhase;
			buildActionMask = 2147483647;
			files = (
				D9418D3E17D4D8750073B48F /* GenericContainer.cc in Sources */,
				D9418D4517D4D8750073B48F /* GenericContainerCinterface.cc in Sources */,
				D9418D4C17D4D8750073B48F /* GenericContainerSupport.cc in Sources */,
				D9418D5A17D4D8FE0073B48F /* example6.c in Sources */,
			);
			runOnlyForDeploymentPostprocessing = 0;
		};
		D976EC5517C80D35008E86F6 /* Sources */ = {
			isa = PBXSourcesBuildPhase;
			buildActionMask = 2147483647;
			files = (
				D9418D3A17D4D8750073B48F /* GenericContainer.cc in Sources */,
				D9418D4117D4D8750073B48F /* GenericContainerCinterface.cc in Sources */,
				D9418D4817D4D8750073B48F /* GenericContainerSupport.cc in Sources */,
				D9418D5617D4D8E80073B48F /* example2.cc in Sources */,
			);
			runOnlyForDeploymentPostprocessing = 0;
		};
		D976EC6217C80D44008E86F6 /* Sources */ = {
			isa = PBXSourcesBuildPhase;
			buildActionMask = 2147483647;
			files = (
				D9418D3B17D4D8750073B48F /* GenericContainer.cc in Sources */,
				D9418D4217D4D8750073B48F /* GenericContainerCinterface.cc in Sources */,
				D9418D4917D4D8750073B48F /* GenericContainerSupport.cc in Sources */,
				D9418D5717D4D8F30073B48F /* example3.cc in Sources */,
			);
			runOnlyForDeploymentPostprocessing = 0;
		};
		D976EC6F17C80D4F008E86F6 /* Sources */ = {
			isa = PBXSourcesBuildPhase;
			buildActionMask = 2147483647;
			files = (
				D9418D3C17D4D8750073B48F /* GenericContainer.cc in Sources */,
				D9418D4317D4D8750073B48F /* GenericContainerCinterface.cc in Sources */,
				D9418D4A17D4D8750073B48F /* GenericContainerSupport.cc in Sources */,
				D9418D5817D4D8F60073B48F /* example4.cc in Sources */,
			);
			runOnlyForDeploymentPostprocessing = 0;
		};
		D976EC7C17C80D5B008E86F6 /* Sources */ = {
			isa = PBXSourcesBuildPhase;
			buildActionMask = 2147483647;
			files = (
				D9418D3D17D4D8750073B48F /* GenericContainer.cc in Sources */,
				D9418D4417D4D8750073B48F /* GenericContainerCinterface.cc in Sources */,
				D9418D4B17D4D8750073B48F /* GenericContainerSupport.cc in Sources */,
				D9418D5917D4D8FA0073B48F /* example5.cc in Sources */,
			);
			runOnlyForDeploymentPostprocessing = 0;
		};
		D9DB2C0A17BA37B000BBE02D /* Sources */ = {
			isa = PBXSourcesBuildPhase;
			buildActionMask = 2147483647;
			files = (
				D9418D3917D4D8750073B48F /* GenericContainer.cc in Sources */,
				D9418D4017D4D8750073B48F /* GenericContainerCinterface.cc in Sources */,
				D9418D4717D4D8750073B48F /* GenericContainerSupport.cc in Sources */,
				D9418D5517D4D8E40073B48F /* example1.cc in Sources */,
			);
			runOnlyForDeploymentPostprocessing = 0;
		};
		D9F123CC17CFDF6D0045F645 /* Sources */ = {
			isa = PBXSourcesBuildPhase;
			buildActionMask = 2147483647;
			files = (
				D9418D3F17D4D8750073B48F /* GenericContainer.cc in Sources */,
				D9418D4617D4D8750073B48F /* GenericContainerCinterface.cc in Sources */,
				D9418D4D17D4D8750073B48F /* GenericContainerSupport.cc in Sources */,
				D9418D5B17D4D9020073B48F /* example7.cc in Sources */,
			);
			runOnlyForDeploymentPostprocessing = 0;
		};
/* End PBXSourcesBuildPhase section */

/* Begin XCBuildConfiguration section */
		D95C248A17CD4341007A0BE4 /* Debug */ = {
			isa = XCBuildConfiguration;
			buildSettings = {
				PRODUCT_NAME = "$(TARGET_NAME)";
			};
			name = Debug;
		};
		D95C248B17CD4341007A0BE4 /* Release */ = {
			isa = XCBuildConfiguration;
			buildSettings = {
				PRODUCT_NAME = "$(TARGET_NAME)";
			};
			name = Release;
		};
		D976EC6017C80D35008E86F6 /* Debug */ = {
			isa = XCBuildConfiguration;
			buildSettings = {
				PRODUCT_NAME = "$(TARGET_NAME)";
			};
			name = Debug;
		};
		D976EC6117C80D35008E86F6 /* Release */ = {
			isa = XCBuildConfiguration;
			buildSettings = {
				PRODUCT_NAME = "$(TARGET_NAME)";
			};
			name = Release;
		};
		D976EC6D17C80D44008E86F6 /* Debug */ = {
			isa = XCBuildConfiguration;
			buildSettings = {
				PRODUCT_NAME = "$(TARGET_NAME)";
			};
			name = Debug;
		};
		D976EC6E17C80D44008E86F6 /* Release */ = {
			isa = XCBuildConfiguration;
			buildSettings = {
				PRODUCT_NAME = "$(TARGET_NAME)";
			};
			name = Release;
		};
		D976EC7A17C80D4F008E86F6 /* Debug */ = {
			isa = XCBuildConfiguration;
			buildSettings = {
				PRODUCT_NAME = "$(TARGET_NAME)";
			};
			name = Debug;
		};
		D976EC7B17C80D4F008E86F6 /* Release */ = {
			isa = XCBuildConfiguration;
			buildSettings = {
				PRODUCT_NAME = "$(TARGET_NAME)";
			};
			name = Release;
		};
		D976EC8717C80D5B008E86F6 /* Debug */ = {
			isa = XCBuildConfiguration;
			buildSettings = {
				PRODUCT_NAME = "$(TARGET_NAME)";
			};
			name = Debug;
		};
		D976EC8817C80D5B008E86F6 /* Release */ = {
			isa = XCBuildConfiguration;
			buildSettings = {
				PRODUCT_NAME = "$(TARGET_NAME)";
			};
			name = Release;
		};
		D9DB2C1517BA37B000BBE02D /* Debug */ = {
			isa = XCBuildConfiguration;
			buildSettings = {
				ALWAYS_SEARCH_USER_PATHS = NO;
				ARCHS = "$(ARCHS_STANDARD_64_BIT)";
				CLANG_CXX_LANGUAGE_STANDARD = "gnu++0x";
				CLANG_CXX_LIBRARY = "libc++";
				CLANG_WARN_CONSTANT_CONVERSION = YES;
				CLANG_WARN_EMPTY_BODY = YES;
				CLANG_WARN_ENUM_CONVERSION = YES;
				CLANG_WARN_INT_CONVERSION = YES;
				CLANG_WARN__DUPLICATE_METHOD_MATCH = YES;
				COPY_PHASE_STRIP = NO;
				GCC_C_LANGUAGE_STANDARD = gnu99;
				GCC_DYNAMIC_NO_PIC = NO;
				GCC_ENABLE_OBJC_EXCEPTIONS = YES;
				GCC_OPTIMIZATION_LEVEL = 0;
				GCC_PREPROCESSOR_DEFINITIONS = (
					"DEBUG=1",
					"$(inherited)",
				);
				GCC_SYMBOLS_PRIVATE_EXTERN = NO;
				GCC_WARN_64_TO_32_BIT_CONVERSION = YES;
				GCC_WARN_ABOUT_RETURN_TYPE = YES;
				GCC_WARN_UNINITIALIZED_AUTOS = YES;
				GCC_WARN_UNUSED_VARIABLE = YES;
				MACOSX_DEPLOYMENT_TARGET = 10.8;
				ONLY_ACTIVE_ARCH = YES;
				SDKROOT = macosx;
			};
			name = Debug;
		};
		D9DB2C1617BA37B000BBE02D /* Release */ = {
			isa = XCBuildConfiguration;
			buildSettings = {
				ALWAYS_SEARCH_USER_PATHS = NO;
				ARCHS = "$(ARCHS_STANDARD_64_BIT)";
				CLANG_CXX_LANGUAGE_STANDARD = "gnu++0x";
				CLANG_CXX_LIBRARY = "libc++";
				CLANG_WARN_CONSTANT_CONVERSION = YES;
				CLANG_WARN_EMPTY_BODY = YES;
				CLANG_WARN_ENUM_CONVERSION = YES;
				CLANG_WARN_INT_CONVERSION = YES;
				CLANG_WARN__DUPLICATE_METHOD_MATCH = YES;
				COPY_PHASE_STRIP = YES;
				DEBUG_INFORMATION_FORMAT = "dwarf-with-dsym";
				GCC_C_LANGUAGE_STANDARD = gnu99;
				GCC_ENABLE_OBJC_EXCEPTIONS = YES;
				GCC_WARN_64_TO_32_BIT_CONVERSION = YES;
				GCC_WARN_ABOUT_RETURN_TYPE = YES;
				GCC_WARN_UNINITIALIZED_AUTOS = YES;
				GCC_WARN_UNUSED_VARIABLE = YES;
				MACOSX_DEPLOYMENT_TARGET = 10.8;
				SDKROOT = macosx;
			};
			name = Release;
		};
		D9DB2C1817BA37B000BBE02D /* Debug */ = {
			isa = XCBuildConfiguration;
			buildSettings = {
				PRODUCT_NAME = "$(TARGET_NAME)";
			};
			name = Debug;
		};
		D9DB2C1917BA37B000BBE02D /* Release */ = {
			isa = XCBuildConfiguration;
			buildSettings = {
				PRODUCT_NAME = "$(TARGET_NAME)";
			};
			name = Release;
		};
		D9F123D717CFDF6D0045F645 /* Debug */ = {
			isa = XCBuildConfiguration;
			buildSettings = {
				PRODUCT_NAME = "$(TARGET_NAME)";
			};
			name = Debug;
		};
		D9F123D817CFDF6D0045F645 /* Release */ = {
			isa = XCBuildConfiguration;
			buildSettings = {
				PRODUCT_NAME = "$(TARGET_NAME)";
			};
			name = Release;
		};
/* End XCBuildConfiguration section */

/* Begin XCConfigurationList section */
		D95C248917CD4341007A0BE4 /* Build configuration list for PBXNativeTarget "example6" */ = {
			isa = XCConfigurationList;
			buildConfigurations = (
				D95C248A17CD4341007A0BE4 /* Debug */,
				D95C248B17CD4341007A0BE4 /* Release */,
			);
			defaultConfigurationIsVisible = 0;
			defaultConfigurationName = Release;
		};
		D976EC5F17C80D35008E86F6 /* Build configuration list for PBXNativeTarget "example2" */ = {
			isa = XCConfigurationList;
			buildConfigurations = (
				D976EC6017C80D35008E86F6 /* Debug */,
				D976EC6117C80D35008E86F6 /* Release */,
			);
			defaultConfigurationIsVisible = 0;
			defaultConfigurationName = Release;
		};
		D976EC6C17C80D44008E86F6 /* Build configuration list for PBXNativeTarget "example3" */ = {
			isa = XCConfigurationList;
			buildConfigurations = (
				D976EC6D17C80D44008E86F6 /* Debug */,
				D976EC6E17C80D44008E86F6 /* Release */,
			);
			defaultConfigurationIsVisible = 0;
			defaultConfigurationName = Release;
		};
		D976EC7917C80D4F008E86F6 /* Build configuration list for PBXNativeTarget "example4" */ = {
			isa = XCConfigurationList;
			buildConfigurations = (
				D976EC7A17C80D4F008E86F6 /* Debug */,
				D976EC7B17C80D4F008E86F6 /* Release */,
			);
			defaultConfigurationIsVisible = 0;
			defaultConfigurationName = Release;
		};
		D976EC8617C80D5B008E86F6 /* Build configuration list for PBXNativeTarget "example5" */ = {
			isa = XCConfigurationList;
			buildConfigurations = (
				D976EC8717C80D5B008E86F6 /* Debug */,
				D976EC8817C80D5B008E86F6 /* Release */,
			);
			defaultConfigurationIsVisible = 0;
			defaultConfigurationName = Release;
		};
		D9DB2C0917BA37B000BBE02D /* Build configuration list for PBXProject "GenericContainer" */ = {
			isa = XCConfigurationList;
			buildConfigurations = (
				D9DB2C1517BA37B000BBE02D /* Debug */,
				D9DB2C1617BA37B000BBE02D /* Release */,
			);
			defaultConfigurationIsVisible = 0;
			defaultConfigurationName = Release;
		};
		D9DB2C1717BA37B000BBE02D /* Build configuration list for PBXNativeTarget "example1" */ = {
			isa = XCConfigurationList;
			buildConfigurations = (
				D9DB2C1817BA37B000BBE02D /* Debug */,
				D9DB2C1917BA37B000BBE02D /* Release */,
			);
			defaultConfigurationIsVisible = 0;
			defaultConfigurationName = Release;
		};
		D9F123D617CFDF6D0045F645 /* Build configuration list for PBXNativeTarget "example7" */ = {
			isa = XCConfigurationList;
			buildConfigurations = (
				D9F123D717CFDF6D0045F645 /* Debug */,
				D9F123D817CFDF6D0045F645 /* Release */,
			);
			defaultConfigurationIsVisible = 0;
			defaultConfigurationName = Release;
		};
/* End XCConfigurationList section */
	};
	rootObject = D9DB2C0617BA37B000BBE02D /* Project object */;
}
