// !$*UTF8*$!
{
	archiveVersion = 1;
	classes = {
	};
	objectVersion = 46;
	objects = {

/* Begin PBXBuildFile section */
		D9099D201F5FFB8300740ECF /* Fresnel.cc in Sources */ = {isa = PBXBuildFile; fileRef = D9099D1F1F5FFB8300740ECF /* Fresnel.cc */; };
		D9099D221F6001ED00740ECF /* Fresnel.cc in Sources */ = {isa = PBXBuildFile; fileRef = D9099D1F1F5FFB8300740ECF /* Fresnel.cc */; };
		D9099D261F600AA600740ECF /* G2lib.cc in Sources */ = {isa = PBXBuildFile; fileRef = D9099D251F600AA600740ECF /* G2lib.cc */; };
		D9099D291F600B9400740ECF /* Circle.cc in Sources */ = {isa = PBXBuildFile; fileRef = D9099D281F600B9400740ECF /* Circle.cc */; };
		D9179A7C206D211E006B66E7 /* Line.cc in Sources */ = {isa = PBXBuildFile; fileRef = D918ADA51F62C1CE009893C3 /* Line.cc */; };
		D9179A7D206D211E006B66E7 /* Triangle2D.cc in Sources */ = {isa = PBXBuildFile; fileRef = D938F4EA1DD3B84A00E08A70 /* Triangle2D.cc */; };
		D9179A7E206D211E006B66E7 /* CubicRootsFlocke.cc in Sources */ = {isa = PBXBuildFile; fileRef = D938F4E81DD3B84A00E08A70 /* CubicRootsFlocke.cc */; };
		D9179A7F206D211E006B66E7 /* Fresnel.cc in Sources */ = {isa = PBXBuildFile; fileRef = D9099D1F1F5FFB8300740ECF /* Fresnel.cc */; };
		D9179A80206D211E006B66E7 /* G2lib.cc in Sources */ = {isa = PBXBuildFile; fileRef = D9099D251F600AA600740ECF /* G2lib.cc */; };
		D9179A81206D211E006B66E7 /* ClothoidList.cc in Sources */ = {isa = PBXBuildFile; fileRef = D9614FD41FB8609F007E5770 /* ClothoidList.cc */; };
		D9179A82206D211E006B66E7 /* Biarc.cc in Sources */ = {isa = PBXBuildFile; fileRef = D971F8971F613BC2000E663E /* Biarc.cc */; };
		D9179A83206D211E006B66E7 /* ClothoidAsyPlot.cc in Sources */ = {isa = PBXBuildFile; fileRef = D9BD861A1EFC021300C82B74 /* ClothoidAsyPlot.cc */; };
		D9179A84206D211E006B66E7 /* Circle.cc in Sources */ = {isa = PBXBuildFile; fileRef = D9099D281F600B9400740ECF /* Circle.cc */; };
		D9179A86206D211E006B66E7 /* ClothoidG2.cc in Sources */ = {isa = PBXBuildFile; fileRef = D971F89B1F6169D2000E663E /* ClothoidG2.cc */; };
		D9179A8F206D2136006B66E7 /* testDistance.cc in Sources */ = {isa = PBXBuildFile; fileRef = D9179A8E206D2135006B66E7 /* testDistance.cc */; };
		D918ADA61F62C1CE009893C3 /* Line.cc in Sources */ = {isa = PBXBuildFile; fileRef = D918ADA51F62C1CE009893C3 /* Line.cc */; };
		D918ADA71F62C1CE009893C3 /* Line.cc in Sources */ = {isa = PBXBuildFile; fileRef = D918ADA51F62C1CE009893C3 /* Line.cc */; };
		D918ADA81F62E2CA009893C3 /* G2lib.cc in Sources */ = {isa = PBXBuildFile; fileRef = D9099D251F600AA600740ECF /* G2lib.cc */; };
		D918ADA91F62E2D2009893C3 /* Circle.cc in Sources */ = {isa = PBXBuildFile; fileRef = D9099D281F600B9400740ECF /* Circle.cc */; };
		D92EFA7D2186931500BF8E18 /* Line.cc in Sources */ = {isa = PBXBuildFile; fileRef = D918ADA51F62C1CE009893C3 /* Line.cc */; };
		D92EFA7E2186931500BF8E18 /* Triangle2D.cc in Sources */ = {isa = PBXBuildFile; fileRef = D938F4EA1DD3B84A00E08A70 /* Triangle2D.cc */; };
		D92EFA7F2186931500BF8E18 /* CubicRootsFlocke.cc in Sources */ = {isa = PBXBuildFile; fileRef = D938F4E81DD3B84A00E08A70 /* CubicRootsFlocke.cc */; };
		D92EFA802186931500BF8E18 /* Fresnel.cc in Sources */ = {isa = PBXBuildFile; fileRef = D9099D1F1F5FFB8300740ECF /* Fresnel.cc */; };
		D92EFA822186931500BF8E18 /* Clothoid.cc in Sources */ = {isa = PBXBuildFile; fileRef = D9FCD3352075552600553A10 /* Clothoid.cc */; };
		D92EFA832186931500BF8E18 /* G2lib.cc in Sources */ = {isa = PBXBuildFile; fileRef = D9099D251F600AA600740ECF /* G2lib.cc */; };
		D92EFA842186931500BF8E18 /* ClothoidList.cc in Sources */ = {isa = PBXBuildFile; fileRef = D9614FD41FB8609F007E5770 /* ClothoidList.cc */; };
		D92EFA852186931500BF8E18 /* Biarc.cc in Sources */ = {isa = PBXBuildFile; fileRef = D971F8971F613BC2000E663E /* Biarc.cc */; };
		D92EFA862186931500BF8E18 /* ClothoidAsyPlot.cc in Sources */ = {isa = PBXBuildFile; fileRef = D9BD861A1EFC021300C82B74 /* ClothoidAsyPlot.cc */; };
		D92EFA872186931500BF8E18 /* ClothoidDistance.cc in Sources */ = {isa = PBXBuildFile; fileRef = D9FCD33C207556DD00553A10 /* ClothoidDistance.cc */; };
		D92EFA882186931500BF8E18 /* Circle.cc in Sources */ = {isa = PBXBuildFile; fileRef = D9099D281F600B9400740ECF /* Circle.cc */; };
		D92EFA892186931500BF8E18 /* AABBtree.cc in Sources */ = {isa = PBXBuildFile; fileRef = D9BA2F8D217FD93E009D45BD /* AABBtree.cc */; };
		D92EFA8A2186931500BF8E18 /* ClothoidG2.cc in Sources */ = {isa = PBXBuildFile; fileRef = D971F89B1F6169D2000E663E /* ClothoidG2.cc */; };
		D92EFA8B2186931500BF8E18 /* PolyLine.cc in Sources */ = {isa = PBXBuildFile; fileRef = D9E22EE0216CB48F00C033D2 /* PolyLine.cc */; };
		D92EFA932186932B00BF8E18 /* testIntersect2.cc in Sources */ = {isa = PBXBuildFile; fileRef = D92EFA922186932B00BF8E18 /* testIntersect2.cc */; };
		D92EFA962187B03600BF8E18 /* Line.cc in Sources */ = {isa = PBXBuildFile; fileRef = D918ADA51F62C1CE009893C3 /* Line.cc */; };
		D92EFA972187B03600BF8E18 /* Triangle2D.cc in Sources */ = {isa = PBXBuildFile; fileRef = D938F4EA1DD3B84A00E08A70 /* Triangle2D.cc */; };
		D92EFA982187B03600BF8E18 /* CubicRootsFlocke.cc in Sources */ = {isa = PBXBuildFile; fileRef = D938F4E81DD3B84A00E08A70 /* CubicRootsFlocke.cc */; };
		D92EFA992187B03600BF8E18 /* Fresnel.cc in Sources */ = {isa = PBXBuildFile; fileRef = D9099D1F1F5FFB8300740ECF /* Fresnel.cc */; };
		D92EFA9A2187B03600BF8E18 /* Clothoid.cc in Sources */ = {isa = PBXBuildFile; fileRef = D9FCD3352075552600553A10 /* Clothoid.cc */; };
		D92EFA9B2187B03600BF8E18 /* G2lib.cc in Sources */ = {isa = PBXBuildFile; fileRef = D9099D251F600AA600740ECF /* G2lib.cc */; };
		D92EFA9C2187B03600BF8E18 /* ClothoidList.cc in Sources */ = {isa = PBXBuildFile; fileRef = D9614FD41FB8609F007E5770 /* ClothoidList.cc */; };
		D92EFA9E2187B03600BF8E18 /* Biarc.cc in Sources */ = {isa = PBXBuildFile; fileRef = D971F8971F613BC2000E663E /* Biarc.cc */; };
		D92EFA9F2187B03600BF8E18 /* ClothoidAsyPlot.cc in Sources */ = {isa = PBXBuildFile; fileRef = D9BD861A1EFC021300C82B74 /* ClothoidAsyPlot.cc */; };
		D92EFAA02187B03600BF8E18 /* ClothoidDistance.cc in Sources */ = {isa = PBXBuildFile; fileRef = D9FCD33C207556DD00553A10 /* ClothoidDistance.cc */; };
		D92EFAA12187B03600BF8E18 /* Circle.cc in Sources */ = {isa = PBXBuildFile; fileRef = D9099D281F600B9400740ECF /* Circle.cc */; };
		D92EFAA22187B03600BF8E18 /* AABBtree.cc in Sources */ = {isa = PBXBuildFile; fileRef = D9BA2F8D217FD93E009D45BD /* AABBtree.cc */; };
		D92EFAA32187B03600BF8E18 /* ClothoidG2.cc in Sources */ = {isa = PBXBuildFile; fileRef = D971F89B1F6169D2000E663E /* ClothoidG2.cc */; };
		D92EFAA42187B03600BF8E18 /* PolyLine.cc in Sources */ = {isa = PBXBuildFile; fileRef = D9E22EE0216CB48F00C033D2 /* PolyLine.cc */; };
		D92EFAAC2187B05800BF8E18 /* testIntersect3.cc in Sources */ = {isa = PBXBuildFile; fileRef = D92EFAAB2187B05800BF8E18 /* testIntersect3.cc */; };
		D938F4EC1DD3B85000E08A70 /* CubicRootsFlocke.cc in Sources */ = {isa = PBXBuildFile; fileRef = D938F4E81DD3B84A00E08A70 /* CubicRootsFlocke.cc */; };
		D938F4ED1DD3B85200E08A70 /* Triangle2D.cc in Sources */ = {isa = PBXBuildFile; fileRef = D938F4EA1DD3B84A00E08A70 /* Triangle2D.cc */; };
		D9614FD51FB8609F007E5770 /* ClothoidList.cc in Sources */ = {isa = PBXBuildFile; fileRef = D9614FD41FB8609F007E5770 /* ClothoidList.cc */; };
		D9614FD61FB8609F007E5770 /* ClothoidList.cc in Sources */ = {isa = PBXBuildFile; fileRef = D9614FD41FB8609F007E5770 /* ClothoidList.cc */; };
		D9614FD71FB8609F007E5770 /* ClothoidList.cc in Sources */ = {isa = PBXBuildFile; fileRef = D9614FD41FB8609F007E5770 /* ClothoidList.cc */; };
		D9614FD81FB8609F007E5770 /* ClothoidList.cc in Sources */ = {isa = PBXBuildFile; fileRef = D9614FD41FB8609F007E5770 /* ClothoidList.cc */; };
		D9614FD91FB8609F007E5770 /* ClothoidList.cc in Sources */ = {isa = PBXBuildFile; fileRef = D9614FD41FB8609F007E5770 /* ClothoidList.cc */; };
		D969AF6A216E4CFB00CA4DD0 /* PolyLine.cc in Sources */ = {isa = PBXBuildFile; fileRef = D9E22EE0216CB48F00C033D2 /* PolyLine.cc */; };
		D969AF6B216E4CFC00CA4DD0 /* PolyLine.cc in Sources */ = {isa = PBXBuildFile; fileRef = D9E22EE0216CB48F00C033D2 /* PolyLine.cc */; };
		D969AF6C216E4CFC00CA4DD0 /* PolyLine.cc in Sources */ = {isa = PBXBuildFile; fileRef = D9E22EE0216CB48F00C033D2 /* PolyLine.cc */; };
		D969AF6D216E4CFD00CA4DD0 /* PolyLine.cc in Sources */ = {isa = PBXBuildFile; fileRef = D9E22EE0216CB48F00C033D2 /* PolyLine.cc */; };
		D969AF6E216E4CFE00CA4DD0 /* PolyLine.cc in Sources */ = {isa = PBXBuildFile; fileRef = D9E22EE0216CB48F00C033D2 /* PolyLine.cc */; };
		D969AF6F216E4CFE00CA4DD0 /* PolyLine.cc in Sources */ = {isa = PBXBuildFile; fileRef = D9E22EE0216CB48F00C033D2 /* PolyLine.cc */; };
		D969AF70216E4CFF00CA4DD0 /* PolyLine.cc in Sources */ = {isa = PBXBuildFile; fileRef = D9E22EE0216CB48F00C033D2 /* PolyLine.cc */; };
		D969AF71216E4CFF00CA4DD0 /* PolyLine.cc in Sources */ = {isa = PBXBuildFile; fileRef = D9E22EE0216CB48F00C033D2 /* PolyLine.cc */; };
		D969AF7421708CC200CA4DD0 /* Line.cc in Sources */ = {isa = PBXBuildFile; fileRef = D918ADA51F62C1CE009893C3 /* Line.cc */; };
		D969AF7621708CC200CA4DD0 /* Triangle2D.cc in Sources */ = {isa = PBXBuildFile; fileRef = D938F4EA1DD3B84A00E08A70 /* Triangle2D.cc */; };
		D969AF7721708CC200CA4DD0 /* CubicRootsFlocke.cc in Sources */ = {isa = PBXBuildFile; fileRef = D938F4E81DD3B84A00E08A70 /* CubicRootsFlocke.cc */; };
		D969AF7821708CC200CA4DD0 /* Fresnel.cc in Sources */ = {isa = PBXBuildFile; fileRef = D9099D1F1F5FFB8300740ECF /* Fresnel.cc */; };
		D969AF7921708CC200CA4DD0 /* G2lib.cc in Sources */ = {isa = PBXBuildFile; fileRef = D9099D251F600AA600740ECF /* G2lib.cc */; };
		D969AF7A21708CC200CA4DD0 /* Clothoid.cc in Sources */ = {isa = PBXBuildFile; fileRef = D9FCD3352075552600553A10 /* Clothoid.cc */; };
		D969AF7B21708CC200CA4DD0 /* ClothoidList.cc in Sources */ = {isa = PBXBuildFile; fileRef = D9614FD41FB8609F007E5770 /* ClothoidList.cc */; };
		D969AF7C21708CC200CA4DD0 /* Biarc.cc in Sources */ = {isa = PBXBuildFile; fileRef = D971F8971F613BC2000E663E /* Biarc.cc */; };
		D969AF7D21708CC200CA4DD0 /* ClothoidAsyPlot.cc in Sources */ = {isa = PBXBuildFile; fileRef = D9BD861A1EFC021300C82B74 /* ClothoidAsyPlot.cc */; };
		D969AF7E21708CC200CA4DD0 /* Circle.cc in Sources */ = {isa = PBXBuildFile; fileRef = D9099D281F600B9400740ECF /* Circle.cc */; };
		D969AF7F21708CC200CA4DD0 /* ClothoidDistance.cc in Sources */ = {isa = PBXBuildFile; fileRef = D9FCD33C207556DD00553A10 /* ClothoidDistance.cc */; };
		D969AF8021708CC200CA4DD0 /* ClothoidG2.cc in Sources */ = {isa = PBXBuildFile; fileRef = D971F89B1F6169D2000E663E /* ClothoidG2.cc */; };
		D969AF8121708CC200CA4DD0 /* PolyLine.cc in Sources */ = {isa = PBXBuildFile; fileRef = D9E22EE0216CB48F00C033D2 /* PolyLine.cc */; };
		D969AF8921708CEF00CA4DD0 /* testPolyline.cc in Sources */ = {isa = PBXBuildFile; fileRef = D969AF8821708CEF00CA4DD0 /* testPolyline.cc */; };
		D96E1FAE1F75513000115228 /* G2lib.cc in Sources */ = {isa = PBXBuildFile; fileRef = D9099D251F600AA600740ECF /* G2lib.cc */; };
		D96E1FAF1F75513000115228 /* ClothoidG2.cc in Sources */ = {isa = PBXBuildFile; fileRef = D971F89B1F6169D2000E663E /* ClothoidG2.cc */; };
		D96E1FB01F75513000115228 /* CubicRootsFlocke.cc in Sources */ = {isa = PBXBuildFile; fileRef = D938F4E81DD3B84A00E08A70 /* CubicRootsFlocke.cc */; };
		D96E1FB11F75513000115228 /* Biarc.cc in Sources */ = {isa = PBXBuildFile; fileRef = D971F8971F613BC2000E663E /* Biarc.cc */; };
		D96E1FB21F75513000115228 /* Circle.cc in Sources */ = {isa = PBXBuildFile; fileRef = D9099D281F600B9400740ECF /* Circle.cc */; };
		D96E1FB31F75513000115228 /* Triangle2D.cc in Sources */ = {isa = PBXBuildFile; fileRef = D938F4EA1DD3B84A00E08A70 /* Triangle2D.cc */; };
		D96E1FB41F75513000115228 /* Line.cc in Sources */ = {isa = PBXBuildFile; fileRef = D918ADA51F62C1CE009893C3 /* Line.cc */; };
		D96E1FB51F75513000115228 /* Fresnel.cc in Sources */ = {isa = PBXBuildFile; fileRef = D9099D1F1F5FFB8300740ECF /* Fresnel.cc */; };
		D971F8991F613BC2000E663E /* Biarc.cc in Sources */ = {isa = PBXBuildFile; fileRef = D971F8971F613BC2000E663E /* Biarc.cc */; };
		D971F89A1F613BC2000E663E /* Biarc.cc in Sources */ = {isa = PBXBuildFile; fileRef = D971F8971F613BC2000E663E /* Biarc.cc */; };
		D971F89C1F6169D2000E663E /* ClothoidG2.cc in Sources */ = {isa = PBXBuildFile; fileRef = D971F89B1F6169D2000E663E /* ClothoidG2.cc */; };
		D971F89D1F6169D2000E663E /* ClothoidG2.cc in Sources */ = {isa = PBXBuildFile; fileRef = D971F89B1F6169D2000E663E /* ClothoidG2.cc */; };
		D981B3141E8D5720006C933D /* CubicRootsFlocke.cc in Sources */ = {isa = PBXBuildFile; fileRef = D938F4E81DD3B84A00E08A70 /* CubicRootsFlocke.cc */; };
		D981B3151E8D5722006C933D /* Triangle2D.cc in Sources */ = {isa = PBXBuildFile; fileRef = D938F4EA1DD3B84A00E08A70 /* Triangle2D.cc */; };
		D9A393561FA14C54009C1E60 /* testG2plot.cc in Sources */ = {isa = PBXBuildFile; fileRef = D9A393501FA14C42009C1E60 /* testG2plot.cc */; };
		D9A393571FA14C57009C1E60 /* testG2statCLC.cc in Sources */ = {isa = PBXBuildFile; fileRef = D9A393511FA14C42009C1E60 /* testG2statCLC.cc */; };
		D9A393581FA14C5C009C1E60 /* testG2stat2arc.cc in Sources */ = {isa = PBXBuildFile; fileRef = D9A393521FA14C42009C1E60 /* testG2stat2arc.cc */; };
		D9A393591FA14C61009C1E60 /* testG2stat.cc in Sources */ = {isa = PBXBuildFile; fileRef = D9A393541FA14C42009C1E60 /* testG2stat.cc */; };
		D9A3935A1FA14C64009C1E60 /* testG2.cc in Sources */ = {isa = PBXBuildFile; fileRef = D9A393551FA14C42009C1E60 /* testG2.cc */; };
		D9AFBB5D20E28F5900C498EF /* Line.cc in Sources */ = {isa = PBXBuildFile; fileRef = D918ADA51F62C1CE009893C3 /* Line.cc */; };
		D9AFBB5E20E28F5900C498EF /* Triangle2D.cc in Sources */ = {isa = PBXBuildFile; fileRef = D938F4EA1DD3B84A00E08A70 /* Triangle2D.cc */; };
		D9AFBB5F20E28F5900C498EF /* CubicRootsFlocke.cc in Sources */ = {isa = PBXBuildFile; fileRef = D938F4E81DD3B84A00E08A70 /* CubicRootsFlocke.cc */; };
		D9AFBB6020E28F5900C498EF /* Fresnel.cc in Sources */ = {isa = PBXBuildFile; fileRef = D9099D1F1F5FFB8300740ECF /* Fresnel.cc */; };
		D9AFBB6220E28F5900C498EF /* Clothoid.cc in Sources */ = {isa = PBXBuildFile; fileRef = D9FCD3352075552600553A10 /* Clothoid.cc */; };
		D9AFBB6320E28F5900C498EF /* G2lib.cc in Sources */ = {isa = PBXBuildFile; fileRef = D9099D251F600AA600740ECF /* G2lib.cc */; };
		D9AFBB6420E28F5900C498EF /* ClothoidList.cc in Sources */ = {isa = PBXBuildFile; fileRef = D9614FD41FB8609F007E5770 /* ClothoidList.cc */; };
		D9AFBB6520E28F5900C498EF /* Biarc.cc in Sources */ = {isa = PBXBuildFile; fileRef = D971F8971F613BC2000E663E /* Biarc.cc */; };
		D9AFBB6620E28F5900C498EF /* ClothoidAsyPlot.cc in Sources */ = {isa = PBXBuildFile; fileRef = D9BD861A1EFC021300C82B74 /* ClothoidAsyPlot.cc */; };
		D9AFBB6720E28F5900C498EF /* ClothoidDistance.cc in Sources */ = {isa = PBXBuildFile; fileRef = D9FCD33C207556DD00553A10 /* ClothoidDistance.cc */; };
		D9AFBB6820E28F5900C498EF /* Circle.cc in Sources */ = {isa = PBXBuildFile; fileRef = D9099D281F600B9400740ECF /* Circle.cc */; };
		D9AFBB6920E28F5900C498EF /* ClothoidG2.cc in Sources */ = {isa = PBXBuildFile; fileRef = D971F89B1F6169D2000E663E /* ClothoidG2.cc */; };
		D9AFBB7120E28F6900C498EF /* testTriangle2D.cc in Sources */ = {isa = PBXBuildFile; fileRef = D9AFBB7020E28F6900C498EF /* testTriangle2D.cc */; };
		D9BA2F8E217FD93E009D45BD /* AABBtree.cc in Sources */ = {isa = PBXBuildFile; fileRef = D9BA2F8D217FD93E009D45BD /* AABBtree.cc */; };
		D9BA2F8F217FE5AD009D45BD /* AABBtree.cc in Sources */ = {isa = PBXBuildFile; fileRef = D9BA2F8D217FD93E009D45BD /* AABBtree.cc */; };
		D9BA2F90217FE5AE009D45BD /* AABBtree.cc in Sources */ = {isa = PBXBuildFile; fileRef = D9BA2F8D217FD93E009D45BD /* AABBtree.cc */; };
		D9BA2F91217FE5AE009D45BD /* AABBtree.cc in Sources */ = {isa = PBXBuildFile; fileRef = D9BA2F8D217FD93E009D45BD /* AABBtree.cc */; };
		D9BA2F92217FE5AF009D45BD /* AABBtree.cc in Sources */ = {isa = PBXBuildFile; fileRef = D9BA2F8D217FD93E009D45BD /* AABBtree.cc */; };
		D9BA2F93217FE5AF009D45BD /* AABBtree.cc in Sources */ = {isa = PBXBuildFile; fileRef = D9BA2F8D217FD93E009D45BD /* AABBtree.cc */; };
		D9BA2F94217FE5AF009D45BD /* AABBtree.cc in Sources */ = {isa = PBXBuildFile; fileRef = D9BA2F8D217FD93E009D45BD /* AABBtree.cc */; };
		D9BA2F95217FE5B0009D45BD /* AABBtree.cc in Sources */ = {isa = PBXBuildFile; fileRef = D9BA2F8D217FD93E009D45BD /* AABBtree.cc */; };
		D9BA2F96217FE5B0009D45BD /* AABBtree.cc in Sources */ = {isa = PBXBuildFile; fileRef = D9BA2F8D217FD93E009D45BD /* AABBtree.cc */; };
		D9BA2F97217FE5B1009D45BD /* AABBtree.cc in Sources */ = {isa = PBXBuildFile; fileRef = D9BA2F8D217FD93E009D45BD /* AABBtree.cc */; };
		D9BD861C1EFC021300C82B74 /* ClothoidAsyPlot.cc in Sources */ = {isa = PBXBuildFile; fileRef = D9BD861A1EFC021300C82B74 /* ClothoidAsyPlot.cc */; };
		D9BD861D1EFC021300C82B74 /* ClothoidAsyPlot.cc in Sources */ = {isa = PBXBuildFile; fileRef = D9BD861A1EFC021300C82B74 /* ClothoidAsyPlot.cc */; };
		D9BFDB1420EE3C0E00612F3C /* Line.cc in Sources */ = {isa = PBXBuildFile; fileRef = D918ADA51F62C1CE009893C3 /* Line.cc */; };
		D9BFDB1520EE3C0E00612F3C /* Triangle2D.cc in Sources */ = {isa = PBXBuildFile; fileRef = D938F4EA1DD3B84A00E08A70 /* Triangle2D.cc */; };
		D9BFDB1620EE3C0E00612F3C /* CubicRootsFlocke.cc in Sources */ = {isa = PBXBuildFile; fileRef = D938F4E81DD3B84A00E08A70 /* CubicRootsFlocke.cc */; };
		D9BFDB1720EE3C0E00612F3C /* Fresnel.cc in Sources */ = {isa = PBXBuildFile; fileRef = D9099D1F1F5FFB8300740ECF /* Fresnel.cc */; };
		D9BFDB1820EE3C0E00612F3C /* G2lib.cc in Sources */ = {isa = PBXBuildFile; fileRef = D9099D251F600AA600740ECF /* G2lib.cc */; };
		D9BFDB1920EE3C0E00612F3C /* Clothoid.cc in Sources */ = {isa = PBXBuildFile; fileRef = D9FCD3352075552600553A10 /* Clothoid.cc */; };
		D9BFDB1A20EE3C0E00612F3C /* ClothoidList.cc in Sources */ = {isa = PBXBuildFile; fileRef = D9614FD41FB8609F007E5770 /* ClothoidList.cc */; };
		D9BFDB1B20EE3C0E00612F3C /* Biarc.cc in Sources */ = {isa = PBXBuildFile; fileRef = D971F8971F613BC2000E663E /* Biarc.cc */; };
		D9BFDB1C20EE3C0E00612F3C /* ClothoidAsyPlot.cc in Sources */ = {isa = PBXBuildFile; fileRef = D9BD861A1EFC021300C82B74 /* ClothoidAsyPlot.cc */; };
		D9BFDB1D20EE3C0E00612F3C /* Circle.cc in Sources */ = {isa = PBXBuildFile; fileRef = D9099D281F600B9400740ECF /* Circle.cc */; };
		D9BFDB1E20EE3C0E00612F3C /* ClothoidDistance.cc in Sources */ = {isa = PBXBuildFile; fileRef = D9FCD33C207556DD00553A10 /* ClothoidDistance.cc */; };
		D9BFDB2020EE3C0E00612F3C /* ClothoidG2.cc in Sources */ = {isa = PBXBuildFile; fileRef = D971F89B1F6169D2000E663E /* ClothoidG2.cc */; };
		D9BFDB2820EE3C2700612F3C /* testBiarc.cc in Sources */ = {isa = PBXBuildFile; fileRef = D9BFDB2720EE3C2700612F3C /* testBiarc.cc */; };
		D9C3739520BC484100715C11 /* Line.cc in Sources */ = {isa = PBXBuildFile; fileRef = D918ADA51F62C1CE009893C3 /* Line.cc */; };
		D9C3739620BC484100715C11 /* Triangle2D.cc in Sources */ = {isa = PBXBuildFile; fileRef = D938F4EA1DD3B84A00E08A70 /* Triangle2D.cc */; };
		D9C3739820BC484100715C11 /* CubicRootsFlocke.cc in Sources */ = {isa = PBXBuildFile; fileRef = D938F4E81DD3B84A00E08A70 /* CubicRootsFlocke.cc */; };
		D9C3739920BC484100715C11 /* Fresnel.cc in Sources */ = {isa = PBXBuildFile; fileRef = D9099D1F1F5FFB8300740ECF /* Fresnel.cc */; };
		D9C3739A20BC484100715C11 /* Clothoid.cc in Sources */ = {isa = PBXBuildFile; fileRef = D9FCD3352075552600553A10 /* Clothoid.cc */; };
		D9C3739B20BC484100715C11 /* G2lib.cc in Sources */ = {isa = PBXBuildFile; fileRef = D9099D251F600AA600740ECF /* G2lib.cc */; };
		D9C3739C20BC484100715C11 /* ClothoidList.cc in Sources */ = {isa = PBXBuildFile; fileRef = D9614FD41FB8609F007E5770 /* ClothoidList.cc */; };
		D9C3739D20BC484100715C11 /* Biarc.cc in Sources */ = {isa = PBXBuildFile; fileRef = D971F8971F613BC2000E663E /* Biarc.cc */; };
		D9C3739E20BC484100715C11 /* ClothoidAsyPlot.cc in Sources */ = {isa = PBXBuildFile; fileRef = D9BD861A1EFC021300C82B74 /* ClothoidAsyPlot.cc */; };
		D9C3739F20BC484100715C11 /* ClothoidDistance.cc in Sources */ = {isa = PBXBuildFile; fileRef = D9FCD33C207556DD00553A10 /* ClothoidDistance.cc */; };
		D9C373A020BC484100715C11 /* Circle.cc in Sources */ = {isa = PBXBuildFile; fileRef = D9099D281F600B9400740ECF /* Circle.cc */; };
		D9C373A120BC484100715C11 /* ClothoidG2.cc in Sources */ = {isa = PBXBuildFile; fileRef = D971F89B1F6169D2000E663E /* ClothoidG2.cc */; };
		D9C373AA20BC485B00715C11 /* testIntersect.cc in Sources */ = {isa = PBXBuildFile; fileRef = D9C373A920BC485B00715C11 /* testIntersect.cc */; };
		D9C8B9E41F7AA69400DF4205 /* G2lib.cc in Sources */ = {isa = PBXBuildFile; fileRef = D9099D251F600AA600740ECF /* G2lib.cc */; };
		D9C8B9E51F7AA69400DF4205 /* ClothoidG2.cc in Sources */ = {isa = PBXBuildFile; fileRef = D971F89B1F6169D2000E663E /* ClothoidG2.cc */; };
		D9C8B9E61F7AA69400DF4205 /* CubicRootsFlocke.cc in Sources */ = {isa = PBXBuildFile; fileRef = D938F4E81DD3B84A00E08A70 /* CubicRootsFlocke.cc */; };
		D9C8B9E71F7AA69400DF4205 /* Biarc.cc in Sources */ = {isa = PBXBuildFile; fileRef = D971F8971F613BC2000E663E /* Biarc.cc */; };
		D9C8B9E81F7AA69400DF4205 /* Circle.cc in Sources */ = {isa = PBXBuildFile; fileRef = D9099D281F600B9400740ECF /* Circle.cc */; };
		D9C8B9E91F7AA69400DF4205 /* Triangle2D.cc in Sources */ = {isa = PBXBuildFile; fileRef = D938F4EA1DD3B84A00E08A70 /* Triangle2D.cc */; };
		D9C8B9EA1F7AA69400DF4205 /* Line.cc in Sources */ = {isa = PBXBuildFile; fileRef = D918ADA51F62C1CE009893C3 /* Line.cc */; };
		D9C8B9EB1F7AA69400DF4205 /* Fresnel.cc in Sources */ = {isa = PBXBuildFile; fileRef = D9099D1F1F5FFB8300740ECF /* Fresnel.cc */; };
		D9E22EE2216CB48F00C033D2 /* PolyLine.cc in Sources */ = {isa = PBXBuildFile; fileRef = D9E22EE0216CB48F00C033D2 /* PolyLine.cc */; };
		D9E4310A218DBB10006CC6F3 /* G2lib_intersect.cc in Sources */ = {isa = PBXBuildFile; fileRef = D9E43109218DBB10006CC6F3 /* G2lib_intersect.cc */; };
		D9E4310B218DBB10006CC6F3 /* G2lib_intersect.cc in Sources */ = {isa = PBXBuildFile; fileRef = D9E43109218DBB10006CC6F3 /* G2lib_intersect.cc */; };
		D9E4310C218DBB10006CC6F3 /* G2lib_intersect.cc in Sources */ = {isa = PBXBuildFile; fileRef = D9E43109218DBB10006CC6F3 /* G2lib_intersect.cc */; };
		D9E4310D218DBB10006CC6F3 /* G2lib_intersect.cc in Sources */ = {isa = PBXBuildFile; fileRef = D9E43109218DBB10006CC6F3 /* G2lib_intersect.cc */; };
		D9E4310E218DBB10006CC6F3 /* G2lib_intersect.cc in Sources */ = {isa = PBXBuildFile; fileRef = D9E43109218DBB10006CC6F3 /* G2lib_intersect.cc */; };
		D9E4310F218DBB10006CC6F3 /* G2lib_intersect.cc in Sources */ = {isa = PBXBuildFile; fileRef = D9E43109218DBB10006CC6F3 /* G2lib_intersect.cc */; };
		D9E43110218DBB10006CC6F3 /* G2lib_intersect.cc in Sources */ = {isa = PBXBuildFile; fileRef = D9E43109218DBB10006CC6F3 /* G2lib_intersect.cc */; };
		D9E43111218DBB10006CC6F3 /* G2lib_intersect.cc in Sources */ = {isa = PBXBuildFile; fileRef = D9E43109218DBB10006CC6F3 /* G2lib_intersect.cc */; };
		D9E43112218DBB10006CC6F3 /* G2lib_intersect.cc in Sources */ = {isa = PBXBuildFile; fileRef = D9E43109218DBB10006CC6F3 /* G2lib_intersect.cc */; };
		D9E43113218DBB10006CC6F3 /* G2lib_intersect.cc in Sources */ = {isa = PBXBuildFile; fileRef = D9E43109218DBB10006CC6F3 /* G2lib_intersect.cc */; };
		D9E43114218DBB10006CC6F3 /* G2lib_intersect.cc in Sources */ = {isa = PBXBuildFile; fileRef = D9E43109218DBB10006CC6F3 /* G2lib_intersect.cc */; };
		D9E43115218DBB10006CC6F3 /* G2lib_intersect.cc in Sources */ = {isa = PBXBuildFile; fileRef = D9E43109218DBB10006CC6F3 /* G2lib_intersect.cc */; };
		D9E74A561F68824E00E47B88 /* G2lib.cc in Sources */ = {isa = PBXBuildFile; fileRef = D9099D251F600AA600740ECF /* G2lib.cc */; };
		D9E74A571F68825100E47B88 /* Fresnel.cc in Sources */ = {isa = PBXBuildFile; fileRef = D9099D1F1F5FFB8300740ECF /* Fresnel.cc */; };
		D9E74A581F68825300E47B88 /* Triangle2D.cc in Sources */ = {isa = PBXBuildFile; fileRef = D938F4EA1DD3B84A00E08A70 /* Triangle2D.cc */; };
		D9E74A591F68825600E47B88 /* Line.cc in Sources */ = {isa = PBXBuildFile; fileRef = D918ADA51F62C1CE009893C3 /* Line.cc */; };
		D9E74A5A1F68825900E47B88 /* Circle.cc in Sources */ = {isa = PBXBuildFile; fileRef = D9099D281F600B9400740ECF /* Circle.cc */; };
		D9E74A5B1F68825C00E47B88 /* Biarc.cc in Sources */ = {isa = PBXBuildFile; fileRef = D971F8971F613BC2000E663E /* Biarc.cc */; };
		D9E74A5D1F68826800E47B88 /* ClothoidG2.cc in Sources */ = {isa = PBXBuildFile; fileRef = D971F89B1F6169D2000E663E /* ClothoidG2.cc */; };
		D9E74A5E1F68826B00E47B88 /* CubicRootsFlocke.cc in Sources */ = {isa = PBXBuildFile; fileRef = D938F4E81DD3B84A00E08A70 /* CubicRootsFlocke.cc */; };
		D9FCD3362075552700553A10 /* Clothoid.cc in Sources */ = {isa = PBXBuildFile; fileRef = D9FCD3352075552600553A10 /* Clothoid.cc */; };
		D9FCD3372075552700553A10 /* Clothoid.cc in Sources */ = {isa = PBXBuildFile; fileRef = D9FCD3352075552600553A10 /* Clothoid.cc */; };
		D9FCD3382075552700553A10 /* Clothoid.cc in Sources */ = {isa = PBXBuildFile; fileRef = D9FCD3352075552600553A10 /* Clothoid.cc */; };
		D9FCD3392075552700553A10 /* Clothoid.cc in Sources */ = {isa = PBXBuildFile; fileRef = D9FCD3352075552600553A10 /* Clothoid.cc */; };
		D9FCD33A2075552700553A10 /* Clothoid.cc in Sources */ = {isa = PBXBuildFile; fileRef = D9FCD3352075552600553A10 /* Clothoid.cc */; };
		D9FCD33B2075552700553A10 /* Clothoid.cc in Sources */ = {isa = PBXBuildFile; fileRef = D9FCD3352075552600553A10 /* Clothoid.cc */; };
		D9FCD33D207556DD00553A10 /* ClothoidDistance.cc in Sources */ = {isa = PBXBuildFile; fileRef = D9FCD33C207556DD00553A10 /* ClothoidDistance.cc */; };
		D9FCD33E207556DD00553A10 /* ClothoidDistance.cc in Sources */ = {isa = PBXBuildFile; fileRef = D9FCD33C207556DD00553A10 /* ClothoidDistance.cc */; };
		D9FCD33F207556DD00553A10 /* ClothoidDistance.cc in Sources */ = {isa = PBXBuildFile; fileRef = D9FCD33C207556DD00553A10 /* ClothoidDistance.cc */; };
		D9FCD340207556DD00553A10 /* ClothoidDistance.cc in Sources */ = {isa = PBXBuildFile; fileRef = D9FCD33C207556DD00553A10 /* ClothoidDistance.cc */; };
		D9FCD341207556DD00553A10 /* ClothoidDistance.cc in Sources */ = {isa = PBXBuildFile; fileRef = D9FCD33C207556DD00553A10 /* ClothoidDistance.cc */; };
		D9FCD342207556DD00553A10 /* ClothoidDistance.cc in Sources */ = {isa = PBXBuildFile; fileRef = D9FCD33C207556DD00553A10 /* ClothoidDistance.cc */; };
/* End PBXBuildFile section */

/* Begin PBXCopyFilesBuildPhase section */
		D9179A89206D211E006B66E7 /* CopyFiles */ = {
			isa = PBXCopyFilesBuildPhase;
			buildActionMask = 2147483647;
			dstPath = /usr/share/man/man1/;
			dstSubfolderSpec = 0;
			files = (
			);
			runOnlyForDeploymentPostprocessing = 1;
		};
		D92EFA8D2186931500BF8E18 /* CopyFiles */ = {
			isa = PBXCopyFilesBuildPhase;
			buildActionMask = 2147483647;
			dstPath = /usr/share/man/man1/;
			dstSubfolderSpec = 0;
			files = (
			);
			runOnlyForDeploymentPostprocessing = 1;
		};
		D92EFAA62187B03600BF8E18 /* CopyFiles */ = {
			isa = PBXCopyFilesBuildPhase;
			buildActionMask = 2147483647;
			dstPath = /usr/share/man/man1/;
			dstSubfolderSpec = 0;
			files = (
			);
			runOnlyForDeploymentPostprocessing = 1;
		};
		D938F4D91DD3B83000E08A70 /* CopyFiles */ = {
			isa = PBXCopyFilesBuildPhase;
			buildActionMask = 2147483647;
			dstPath = /usr/share/man/man1/;
			dstSubfolderSpec = 0;
			files = (
			);
			runOnlyForDeploymentPostprocessing = 1;
		};
		D969AF8321708CC200CA4DD0 /* CopyFiles */ = {
			isa = PBXCopyFilesBuildPhase;
			buildActionMask = 2147483647;
			dstPath = /usr/share/man/man1/;
			dstSubfolderSpec = 0;
			files = (
			);
			runOnlyForDeploymentPostprocessing = 1;
		};
		D96E1FB91F75513000115228 /* CopyFiles */ = {
			isa = PBXCopyFilesBuildPhase;
			buildActionMask = 2147483647;
			dstPath = /usr/share/man/man1/;
			dstSubfolderSpec = 0;
			files = (
			);
			runOnlyForDeploymentPostprocessing = 1;
		};
		D981B3011E8D56AF006C933D /* CopyFiles */ = {
			isa = PBXCopyFilesBuildPhase;
			buildActionMask = 2147483647;
			dstPath = /usr/share/man/man1/;
			dstSubfolderSpec = 0;
			files = (
			);
			runOnlyForDeploymentPostprocessing = 1;
		};
		D9AFBB6B20E28F5900C498EF /* CopyFiles */ = {
			isa = PBXCopyFilesBuildPhase;
			buildActionMask = 2147483647;
			dstPath = /usr/share/man/man1/;
			dstSubfolderSpec = 0;
			files = (
			);
			runOnlyForDeploymentPostprocessing = 1;
		};
		D9BFDB2220EE3C0E00612F3C /* CopyFiles */ = {
			isa = PBXCopyFilesBuildPhase;
			buildActionMask = 2147483647;
			dstPath = /usr/share/man/man1/;
			dstSubfolderSpec = 0;
			files = (
			);
			runOnlyForDeploymentPostprocessing = 1;
		};
		D9C373A420BC484100715C11 /* CopyFiles */ = {
			isa = PBXCopyFilesBuildPhase;
			buildActionMask = 2147483647;
			dstPath = /usr/share/man/man1/;
			dstSubfolderSpec = 0;
			files = (
			);
			runOnlyForDeploymentPostprocessing = 1;
		};
		D9C8B9EE1F7AA69400DF4205 /* CopyFiles */ = {
			isa = PBXCopyFilesBuildPhase;
			buildActionMask = 2147483647;
			dstPath = /usr/share/man/man1/;
			dstSubfolderSpec = 0;
			files = (
			);
			runOnlyForDeploymentPostprocessing = 1;
		};
		D9E74A4B1F68801C00E47B88 /* CopyFiles */ = {
			isa = PBXCopyFilesBuildPhase;
			buildActionMask = 2147483647;
			dstPath = /usr/share/man/man1/;
			dstSubfolderSpec = 0;
			files = (
			);
			runOnlyForDeploymentPostprocessing = 1;
		};
/* End PBXCopyFilesBuildPhase section */

/* Begin PBXFileReference section */
		D9099D1E1F5FFB6C00740ECF /* Fresnel.hh */ = {isa = PBXFileReference; lastKnownFileType = sourcecode.cpp.h; path = Fresnel.hh; sourceTree = "<group>"; };
		D9099D1F1F5FFB8300740ECF /* Fresnel.cc */ = {isa = PBXFileReference; fileEncoding = 4; lastKnownFileType = sourcecode.cpp.cpp; path = Fresnel.cc; sourceTree = "<group>"; };
		D9099D211F5FFC8700740ECF /* Triangle2D.hh */ = {isa = PBXFileReference; lastKnownFileType = sourcecode.cpp.h; path = Triangle2D.hh; sourceTree = "<group>"; };
		D9099D241F6009AC00740ECF /* G2lib.hh */ = {isa = PBXFileReference; lastKnownFileType = sourcecode.cpp.h; path = G2lib.hh; sourceTree = "<group>"; };
		D9099D251F600AA600740ECF /* G2lib.cc */ = {isa = PBXFileReference; fileEncoding = 4; lastKnownFileType = sourcecode.cpp.cpp; path = G2lib.cc; sourceTree = "<group>"; };
		D9099D271F600B9400740ECF /* Circle.hh */ = {isa = PBXFileReference; fileEncoding = 4; lastKnownFileType = sourcecode.cpp.h; path = Circle.hh; sourceTree = "<group>"; };
		D9099D281F600B9400740ECF /* Circle.cc */ = {isa = PBXFileReference; fileEncoding = 4; lastKnownFileType = sourcecode.cpp.cpp; path = Circle.cc; sourceTree = "<group>"; };
		D9179A8D206D211E006B66E7 /* testDistance */ = {isa = PBXFileReference; explicitFileType = "compiled.mach-o.executable"; includeInIndex = 0; path = testDistance; sourceTree = BUILT_PRODUCTS_DIR; };
		D9179A8E206D2135006B66E7 /* testDistance.cc */ = {isa = PBXFileReference; fileEncoding = 4; lastKnownFileType = sourcecode.cpp.cpp; path = testDistance.cc; sourceTree = "<group>"; };
		D918ADA41F62C1C9009893C3 /* Line.hh */ = {isa = PBXFileReference; fileEncoding = 4; lastKnownFileType = sourcecode.cpp.h; path = Line.hh; sourceTree = "<group>"; };
		D918ADA51F62C1CE009893C3 /* Line.cc */ = {isa = PBXFileReference; fileEncoding = 4; lastKnownFileType = sourcecode.cpp.cpp; path = Line.cc; sourceTree = "<group>"; };
		D92EFA912186931500BF8E18 /* testIntersect2 */ = {isa = PBXFileReference; explicitFileType = "compiled.mach-o.executable"; includeInIndex = 0; path = testIntersect2; sourceTree = BUILT_PRODUCTS_DIR; };
		D92EFA922186932B00BF8E18 /* testIntersect2.cc */ = {isa = PBXFileReference; fileEncoding = 4; lastKnownFileType = sourcecode.cpp.cpp; path = testIntersect2.cc; sourceTree = "<group>"; };
		D92EFAAA2187B03600BF8E18 /* testIntersect3 */ = {isa = PBXFileReference; explicitFileType = "compiled.mach-o.executable"; includeInIndex = 0; path = testIntersect3; sourceTree = BUILT_PRODUCTS_DIR; };
		D92EFAAB2187B05800BF8E18 /* testIntersect3.cc */ = {isa = PBXFileReference; fileEncoding = 4; lastKnownFileType = sourcecode.cpp.cpp; path = testIntersect3.cc; sourceTree = "<group>"; };
		D92EFAAD2188742200BF8E18 /* ClothoidList.hh */ = {isa = PBXFileReference; lastKnownFileType = sourcecode.cpp.h; path = ClothoidList.hh; sourceTree = "<group>"; };
		D938F4DB1DD3B83000E08A70 /* G2solver */ = {isa = PBXFileReference; explicitFileType = "compiled.mach-o.executable"; includeInIndex = 0; path = G2solver; sourceTree = BUILT_PRODUCTS_DIR; };
		D938F4E71DD3B84A00E08A70 /* Clothoid.hh */ = {isa = PBXFileReference; lastKnownFileType = sourcecode.cpp.h; path = Clothoid.hh; sourceTree = "<group>"; };
		D938F4E81DD3B84A00E08A70 /* CubicRootsFlocke.cc */ = {isa = PBXFileReference; lastKnownFileType = sourcecode.cpp.cpp; path = CubicRootsFlocke.cc; sourceTree = "<group>"; };
		D938F4E91DD3B84A00E08A70 /* CubicRootsFlocke.hh */ = {isa = PBXFileReference; lastKnownFileType = sourcecode.cpp.h; path = CubicRootsFlocke.hh; sourceTree = "<group>"; };
		D938F4EA1DD3B84A00E08A70 /* Triangle2D.cc */ = {isa = PBXFileReference; lastKnownFileType = sourcecode.cpp.cpp; path = Triangle2D.cc; sourceTree = "<group>"; };
		D9614FD41FB8609F007E5770 /* ClothoidList.cc */ = {isa = PBXFileReference; fileEncoding = 4; lastKnownFileType = sourcecode.cpp.cpp; path = ClothoidList.cc; sourceTree = "<group>"; };
		D969AF8721708CC200CA4DD0 /* testPolyline */ = {isa = PBXFileReference; explicitFileType = "compiled.mach-o.executable"; includeInIndex = 0; path = testPolyline; sourceTree = BUILT_PRODUCTS_DIR; };
		D969AF8821708CEF00CA4DD0 /* testPolyline.cc */ = {isa = PBXFileReference; fileEncoding = 4; lastKnownFileType = sourcecode.cpp.cpp; path = testPolyline.cc; sourceTree = "<group>"; };
		D96E1FBD1F75513000115228 /* statistic_2arc */ = {isa = PBXFileReference; explicitFileType = "compiled.mach-o.executable"; includeInIndex = 0; path = statistic_2arc; sourceTree = BUILT_PRODUCTS_DIR; };
		D971F8971F613BC2000E663E /* Biarc.cc */ = {isa = PBXFileReference; fileEncoding = 4; lastKnownFileType = sourcecode.cpp.cpp; path = Biarc.cc; sourceTree = "<group>"; };
		D971F8981F613BC2000E663E /* Biarc.hh */ = {isa = PBXFileReference; fileEncoding = 4; lastKnownFileType = sourcecode.cpp.h; path = Biarc.hh; sourceTree = "<group>"; };
		D971F89B1F6169D2000E663E /* ClothoidG2.cc */ = {isa = PBXFileReference; fileEncoding = 4; lastKnownFileType = sourcecode.cpp.cpp; path = ClothoidG2.cc; sourceTree = "<group>"; };
		D981B3031E8D56AF006C933D /* testAB */ = {isa = PBXFileReference; explicitFileType = "compiled.mach-o.executable"; includeInIndex = 0; name = testAB; path = testG2plot; sourceTree = BUILT_PRODUCTS_DIR; };
		D98A2AA4217DADDE00EC0765 /* AABBtree.hh */ = {isa = PBXFileReference; lastKnownFileType = sourcecode.cpp.h; path = AABBtree.hh; sourceTree = "<group>"; };
		D9A393501FA14C42009C1E60 /* testG2plot.cc */ = {isa = PBXFileReference; lastKnownFileType = sourcecode.cpp.cpp; path = testG2plot.cc; sourceTree = "<group>"; };
		D9A393511FA14C42009C1E60 /* testG2statCLC.cc */ = {isa = PBXFileReference; lastKnownFileType = sourcecode.cpp.cpp; path = testG2statCLC.cc; sourceTree = "<group>"; };
		D9A393521FA14C42009C1E60 /* testG2stat2arc.cc */ = {isa = PBXFileReference; lastKnownFileType = sourcecode.cpp.cpp; path = testG2stat2arc.cc; sourceTree = "<group>"; };
		D9A393531FA14C42009C1E60 /* TicToc.hh */ = {isa = PBXFileReference; lastKnownFileType = sourcecode.cpp.h; path = TicToc.hh; sourceTree = "<group>"; };
		D9A393541FA14C42009C1E60 /* testG2stat.cc */ = {isa = PBXFileReference; lastKnownFileType = sourcecode.cpp.cpp; path = testG2stat.cc; sourceTree = "<group>"; };
		D9A393551FA14C42009C1E60 /* testG2.cc */ = {isa = PBXFileReference; lastKnownFileType = sourcecode.cpp.cpp; path = testG2.cc; sourceTree = "<group>"; };
		D9AFBB6F20E28F5900C498EF /* testTriangle2D */ = {isa = PBXFileReference; explicitFileType = "compiled.mach-o.executable"; includeInIndex = 0; path = testTriangle2D; sourceTree = BUILT_PRODUCTS_DIR; };
		D9AFBB7020E28F6900C498EF /* testTriangle2D.cc */ = {isa = PBXFileReference; fileEncoding = 4; lastKnownFileType = sourcecode.cpp.cpp; path = testTriangle2D.cc; sourceTree = "<group>"; };
		D9BA2F8D217FD93E009D45BD /* AABBtree.cc */ = {isa = PBXFileReference; fileEncoding = 4; lastKnownFileType = sourcecode.cpp.cpp; path = AABBtree.cc; sourceTree = "<group>"; };
		D9BD861A1EFC021300C82B74 /* ClothoidAsyPlot.cc */ = {isa = PBXFileReference; fileEncoding = 4; lastKnownFileType = sourcecode.cpp.cpp; path = ClothoidAsyPlot.cc; sourceTree = "<group>"; };
		D9BD861B1EFC021300C82B74 /* ClothoidAsyPlot.hh */ = {isa = PBXFileReference; fileEncoding = 4; lastKnownFileType = sourcecode.cpp.h; path = ClothoidAsyPlot.hh; sourceTree = "<group>"; };
		D9BFDB2620EE3C0E00612F3C /* testBiarc */ = {isa = PBXFileReference; explicitFileType = "compiled.mach-o.executable"; includeInIndex = 0; path = testBiarc; sourceTree = BUILT_PRODUCTS_DIR; };
		D9BFDB2720EE3C2700612F3C /* testBiarc.cc */ = {isa = PBXFileReference; fileEncoding = 4; lastKnownFileType = sourcecode.cpp.cpp; path = testBiarc.cc; sourceTree = "<group>"; };
		D9C373A820BC484100715C11 /* testIntersect */ = {isa = PBXFileReference; explicitFileType = "compiled.mach-o.executable"; includeInIndex = 0; path = testIntersect; sourceTree = BUILT_PRODUCTS_DIR; };
		D9C373A920BC485B00715C11 /* testIntersect.cc */ = {isa = PBXFileReference; fileEncoding = 4; lastKnownFileType = sourcecode.cpp.cpp; path = testIntersect.cc; sourceTree = "<group>"; };
		D9C8B9F21F7AA69400DF4205 /* statistic_CLC */ = {isa = PBXFileReference; explicitFileType = "compiled.mach-o.executable"; includeInIndex = 0; path = statistic_CLC; sourceTree = BUILT_PRODUCTS_DIR; };
		D9E22EE0216CB48F00C033D2 /* PolyLine.cc */ = {isa = PBXFileReference; fileEncoding = 4; lastKnownFileType = sourcecode.cpp.cpp; path = PolyLine.cc; sourceTree = "<group>"; };
		D9E22EE1216CB48F00C033D2 /* PolyLine.hh */ = {isa = PBXFileReference; fileEncoding = 4; lastKnownFileType = sourcecode.cpp.h; path = PolyLine.hh; sourceTree = "<group>"; };
		D9E43109218DBB10006CC6F3 /* G2lib_intersect.cc */ = {isa = PBXFileReference; fileEncoding = 4; lastKnownFileType = sourcecode.cpp.cpp; path = G2lib_intersect.cc; sourceTree = "<group>"; };
		D9E74A4D1F68801C00E47B88 /* statistic */ = {isa = PBXFileReference; explicitFileType = "compiled.mach-o.executable"; includeInIndex = 0; path = statistic; sourceTree = BUILT_PRODUCTS_DIR; };
		D9FCD3352075552600553A10 /* Clothoid.cc */ = {isa = PBXFileReference; fileEncoding = 4; lastKnownFileType = sourcecode.cpp.cpp; path = Clothoid.cc; sourceTree = "<group>"; };
		D9FCD33C207556DD00553A10 /* ClothoidDistance.cc */ = {isa = PBXFileReference; fileEncoding = 4; lastKnownFileType = sourcecode.cpp.cpp; path = ClothoidDistance.cc; sourceTree = "<group>"; };
/* End PBXFileReference section */

/* Begin PBXFrameworksBuildPhase section */
		D9179A88206D211E006B66E7 /* Frameworks */ = {
			isa = PBXFrameworksBuildPhase;
			buildActionMask = 2147483647;
			files = (
			);
			runOnlyForDeploymentPostprocessing = 0;
		};
		D92EFA8C2186931500BF8E18 /* Frameworks */ = {
			isa = PBXFrameworksBuildPhase;
			buildActionMask = 2147483647;
			files = (
			);
			runOnlyForDeploymentPostprocessing = 0;
		};
		D92EFAA52187B03600BF8E18 /* Frameworks */ = {
			isa = PBXFrameworksBuildPhase;
			buildActionMask = 2147483647;
			files = (
			);
			runOnlyForDeploymentPostprocessing = 0;
		};
		D938F4D81DD3B83000E08A70 /* Frameworks */ = {
			isa = PBXFrameworksBuildPhase;
			buildActionMask = 2147483647;
			files = (
			);
			runOnlyForDeploymentPostprocessing = 0;
		};
		D969AF8221708CC200CA4DD0 /* Frameworks */ = {
			isa = PBXFrameworksBuildPhase;
			buildActionMask = 2147483647;
			files = (
			);
			runOnlyForDeploymentPostprocessing = 0;
		};
		D96E1FB81F75513000115228 /* Frameworks */ = {
			isa = PBXFrameworksBuildPhase;
			buildActionMask = 2147483647;
			files = (
			);
			runOnlyForDeploymentPostprocessing = 0;
		};
		D981B3001E8D56AF006C933D /* Frameworks */ = {
			isa = PBXFrameworksBuildPhase;
			buildActionMask = 2147483647;
			files = (
			);
			runOnlyForDeploymentPostprocessing = 0;
		};
		D9AFBB6A20E28F5900C498EF /* Frameworks */ = {
			isa = PBXFrameworksBuildPhase;
			buildActionMask = 2147483647;
			files = (
			);
			runOnlyForDeploymentPostprocessing = 0;
		};
		D9BFDB2120EE3C0E00612F3C /* Frameworks */ = {
			isa = PBXFrameworksBuildPhase;
			buildActionMask = 2147483647;
			files = (
			);
			runOnlyForDeploymentPostprocessing = 0;
		};
		D9C373A320BC484100715C11 /* Frameworks */ = {
			isa = PBXFrameworksBuildPhase;
			buildActionMask = 2147483647;
			files = (
			);
			runOnlyForDeploymentPostprocessing = 0;
		};
		D9C8B9ED1F7AA69400DF4205 /* Frameworks */ = {
			isa = PBXFrameworksBuildPhase;
			buildActionMask = 2147483647;
			files = (
			);
			runOnlyForDeploymentPostprocessing = 0;
		};
		D9E74A4A1F68801C00E47B88 /* Frameworks */ = {
			isa = PBXFrameworksBuildPhase;
			buildActionMask = 2147483647;
			files = (
			);
			runOnlyForDeploymentPostprocessing = 0;
		};
/* End PBXFrameworksBuildPhase section */

/* Begin PBXGroup section */
		D938F4D21DD3B83000E08A70 = {
			isa = PBXGroup;
			children = (
				D938F4DC1DD3B83000E08A70 /* Products */,
				D9A3934F1FA14C42009C1E60 /* tests-cpp */,
				D938F4E51DD3B84A00E08A70 /* src */,
			);
			sourceTree = "<group>";
		};
		D938F4DC1DD3B83000E08A70 /* Products */ = {
			isa = PBXGroup;
			children = (
				D938F4DB1DD3B83000E08A70 /* G2solver */,
				D981B3031E8D56AF006C933D /* testAB */,
				D9E74A4D1F68801C00E47B88 /* statistic */,
				D96E1FBD1F75513000115228 /* statistic_2arc */,
				D9C8B9F21F7AA69400DF4205 /* statistic_CLC */,
				D9179A8D206D211E006B66E7 /* testDistance */,
				D9C373A820BC484100715C11 /* testIntersect */,
				D9AFBB6F20E28F5900C498EF /* testTriangle2D */,
				D9BFDB2620EE3C0E00612F3C /* testBiarc */,
				D969AF8721708CC200CA4DD0 /* testPolyline */,
				D92EFA912186931500BF8E18 /* testIntersect2 */,
				D92EFAAA2187B03600BF8E18 /* testIntersect3 */,
			);
			name = Products;
			sourceTree = "<group>";
		};
		D938F4E51DD3B84A00E08A70 /* src */ = {
			isa = PBXGroup;
			children = (
				D98A2AA4217DADDE00EC0765 /* AABBtree.hh */,
				D9BA2F8D217FD93E009D45BD /* AABBtree.cc */,
				D9099D241F6009AC00740ECF /* G2lib.hh */,
				D9099D251F600AA600740ECF /* G2lib.cc */,
				D9E43109218DBB10006CC6F3 /* G2lib_intersect.cc */,
				D9099D1E1F5FFB6C00740ECF /* Fresnel.hh */,
				D9099D1F1F5FFB8300740ECF /* Fresnel.cc */,
				D9099D211F5FFC8700740ECF /* Triangle2D.hh */,
				D938F4EA1DD3B84A00E08A70 /* Triangle2D.cc */,
				D918ADA41F62C1C9009893C3 /* Line.hh */,
				D918ADA51F62C1CE009893C3 /* Line.cc */,
				D9099D271F600B9400740ECF /* Circle.hh */,
				D9099D281F600B9400740ECF /* Circle.cc */,
				D971F8981F613BC2000E663E /* Biarc.hh */,
				D971F8971F613BC2000E663E /* Biarc.cc */,
				D938F4E71DD3B84A00E08A70 /* Clothoid.hh */,
				D9FCD3352075552600553A10 /* Clothoid.cc */,
				D9FCD33C207556DD00553A10 /* ClothoidDistance.cc */,
				D92EFAAD2188742200BF8E18 /* ClothoidList.hh */,
				D9614FD41FB8609F007E5770 /* ClothoidList.cc */,
				D971F89B1F6169D2000E663E /* ClothoidG2.cc */,
				D9E22EE1216CB48F00C033D2 /* PolyLine.hh */,
				D9E22EE0216CB48F00C033D2 /* PolyLine.cc */,
				D938F4E81DD3B84A00E08A70 /* CubicRootsFlocke.cc */,
				D938F4E91DD3B84A00E08A70 /* CubicRootsFlocke.hh */,
				D9BD861A1EFC021300C82B74 /* ClothoidAsyPlot.cc */,
				D9BD861B1EFC021300C82B74 /* ClothoidAsyPlot.hh */,
			);
			path = src;
			sourceTree = "<group>";
		};
		D9A3934F1FA14C42009C1E60 /* tests-cpp */ = {
			isa = PBXGroup;
			children = (
				D9A393531FA14C42009C1E60 /* TicToc.hh */,
				D9A393501FA14C42009C1E60 /* testG2plot.cc */,
				D9A393511FA14C42009C1E60 /* testG2statCLC.cc */,
				D9A393521FA14C42009C1E60 /* testG2stat2arc.cc */,
				D9A393541FA14C42009C1E60 /* testG2stat.cc */,
				D9A393551FA14C42009C1E60 /* testG2.cc */,
				D9179A8E206D2135006B66E7 /* testDistance.cc */,
				D9C373A920BC485B00715C11 /* testIntersect.cc */,
				D92EFA922186932B00BF8E18 /* testIntersect2.cc */,
				D92EFAAB2187B05800BF8E18 /* testIntersect3.cc */,
				D9AFBB7020E28F6900C498EF /* testTriangle2D.cc */,
				D9BFDB2720EE3C2700612F3C /* testBiarc.cc */,
				D969AF8821708CEF00CA4DD0 /* testPolyline.cc */,
			);
			path = "tests-cpp";
			sourceTree = SOURCE_ROOT;
		};
/* End PBXGroup section */

/* Begin PBXNativeTarget section */
		D9179A7A206D211E006B66E7 /* testDistance */ = {
			isa = PBXNativeTarget;
			buildConfigurationList = D9179A8A206D211E006B66E7 /* Build configuration list for PBXNativeTarget "testDistance" */;
			buildPhases = (
				D9179A7B206D211E006B66E7 /* Sources */,
				D9179A88206D211E006B66E7 /* Frameworks */,
				D9179A89206D211E006B66E7 /* CopyFiles */,
			);
			buildRules = (
			);
			dependencies = (
			);
			name = testDistance;
			productName = G2solver;
			productReference = D9179A8D206D211E006B66E7 /* testDistance */;
			productType = "com.apple.product-type.tool";
		};
		D92EFA7B2186931500BF8E18 /* testIntersect2 */ = {
			isa = PBXNativeTarget;
			buildConfigurationList = D92EFA8E2186931500BF8E18 /* Build configuration list for PBXNativeTarget "testIntersect2" */;
			buildPhases = (
				D92EFA7C2186931500BF8E18 /* Sources */,
				D92EFA8C2186931500BF8E18 /* Frameworks */,
				D92EFA8D2186931500BF8E18 /* CopyFiles */,
			);
			buildRules = (
			);
			dependencies = (
			);
			name = testIntersect2;
			productName = G2solver;
			productReference = D92EFA912186931500BF8E18 /* testIntersect2 */;
			productType = "com.apple.product-type.tool";
		};
		D92EFA942187B03600BF8E18 /* testIntersect3 */ = {
			isa = PBXNativeTarget;
			buildConfigurationList = D92EFAA72187B03600BF8E18 /* Build configuration list for PBXNativeTarget "testIntersect3" */;
			buildPhases = (
				D92EFA952187B03600BF8E18 /* Sources */,
				D92EFAA52187B03600BF8E18 /* Frameworks */,
				D92EFAA62187B03600BF8E18 /* CopyFiles */,
			);
			buildRules = (
			);
			dependencies = (
			);
			name = testIntersect3;
			productName = G2solver;
			productReference = D92EFAAA2187B03600BF8E18 /* testIntersect3 */;
			productType = "com.apple.product-type.tool";
		};
		D938F4DA1DD3B83000E08A70 /* G2solver */ = {
			isa = PBXNativeTarget;
			buildConfigurationList = D938F4E21DD3B83000E08A70 /* Build configuration list for PBXNativeTarget "G2solver" */;
			buildPhases = (
				D938F4D71DD3B83000E08A70 /* Sources */,
				D938F4D81DD3B83000E08A70 /* Frameworks */,
				D938F4D91DD3B83000E08A70 /* CopyFiles */,
			);
			buildRules = (
			);
			dependencies = (
			);
			name = G2solver;
			productName = G2solver;
			productReference = D938F4DB1DD3B83000E08A70 /* G2solver */;
			productType = "com.apple.product-type.tool";
		};
		D969AF7221708CC200CA4DD0 /* testPolyline */ = {
			isa = PBXNativeTarget;
			buildConfigurationList = D969AF8421708CC200CA4DD0 /* Build configuration list for PBXNativeTarget "testPolyline" */;
			buildPhases = (
				D969AF7321708CC200CA4DD0 /* Sources */,
				D969AF8221708CC200CA4DD0 /* Frameworks */,
				D969AF8321708CC200CA4DD0 /* CopyFiles */,
			);
			buildRules = (
			);
			dependencies = (
			);
			name = testPolyline;
			productName = G2solver;
			productReference = D969AF8721708CC200CA4DD0 /* testPolyline */;
			productType = "com.apple.product-type.tool";
		};
		D96E1FAC1F75513000115228 /* statistic_2arc */ = {
			isa = PBXNativeTarget;
			buildConfigurationList = D96E1FBA1F75513000115228 /* Build configuration list for PBXNativeTarget "statistic_2arc" */;
			buildPhases = (
				D96E1FAD1F75513000115228 /* Sources */,
				D96E1FB81F75513000115228 /* Frameworks */,
				D96E1FB91F75513000115228 /* CopyFiles */,
			);
			buildRules = (
			);
			dependencies = (
			);
			name = statistic_2arc;
			productName = statistic;
			productReference = D96E1FBD1F75513000115228 /* statistic_2arc */;
			productType = "com.apple.product-type.tool";
		};
		D981B3021E8D56AF006C933D /* testG2plot */ = {
			isa = PBXNativeTarget;
			buildConfigurationList = D981B3091E8D56AF006C933D /* Build configuration list for PBXNativeTarget "testG2plot" */;
			buildPhases = (
				D981B2FF1E8D56AF006C933D /* Sources */,
				D981B3001E8D56AF006C933D /* Frameworks */,
				D981B3011E8D56AF006C933D /* CopyFiles */,
			);
			buildRules = (
			);
			dependencies = (
			);
			name = testG2plot;
			productName = testAB;
			productReference = D981B3031E8D56AF006C933D /* testAB */;
			productType = "com.apple.product-type.tool";
		};
		D9AFBB5B20E28F5900C498EF /* testTriangle2D */ = {
			isa = PBXNativeTarget;
			buildConfigurationList = D9AFBB6C20E28F5900C498EF /* Build configuration list for PBXNativeTarget "testTriangle2D" */;
			buildPhases = (
				D9AFBB5C20E28F5900C498EF /* Sources */,
				D9AFBB6A20E28F5900C498EF /* Frameworks */,
				D9AFBB6B20E28F5900C498EF /* CopyFiles */,
			);
			buildRules = (
			);
			dependencies = (
			);
			name = testTriangle2D;
			productName = G2solver;
			productReference = D9AFBB6F20E28F5900C498EF /* testTriangle2D */;
			productType = "com.apple.product-type.tool";
		};
		D9BFDB1220EE3C0E00612F3C /* testBiarc */ = {
			isa = PBXNativeTarget;
			buildConfigurationList = D9BFDB2320EE3C0E00612F3C /* Build configuration list for PBXNativeTarget "testBiarc" */;
			buildPhases = (
				D9BFDB1320EE3C0E00612F3C /* Sources */,
				D9BFDB2120EE3C0E00612F3C /* Frameworks */,
				D9BFDB2220EE3C0E00612F3C /* CopyFiles */,
			);
			buildRules = (
			);
			dependencies = (
			);
			name = testBiarc;
			productName = G2solver;
			productReference = D9BFDB2620EE3C0E00612F3C /* testBiarc */;
			productType = "com.apple.product-type.tool";
		};
		D9C3739320BC484100715C11 /* testIntersect */ = {
			isa = PBXNativeTarget;
			buildConfigurationList = D9C373A520BC484100715C11 /* Build configuration list for PBXNativeTarget "testIntersect" */;
			buildPhases = (
				D9C3739420BC484100715C11 /* Sources */,
				D9C373A320BC484100715C11 /* Frameworks */,
				D9C373A420BC484100715C11 /* CopyFiles */,
			);
			buildRules = (
			);
			dependencies = (
			);
			name = testIntersect;
			productName = G2solver;
			productReference = D9C373A820BC484100715C11 /* testIntersect */;
			productType = "com.apple.product-type.tool";
		};
		D9C8B9E11F7AA69400DF4205 /* statistic_CLC */ = {
			isa = PBXNativeTarget;
			buildConfigurationList = D9C8B9EF1F7AA69400DF4205 /* Build configuration list for PBXNativeTarget "statistic_CLC" */;
			buildPhases = (
				D9C8B9E21F7AA69400DF4205 /* Sources */,
				D9C8B9ED1F7AA69400DF4205 /* Frameworks */,
				D9C8B9EE1F7AA69400DF4205 /* CopyFiles */,
			);
			buildRules = (
			);
			dependencies = (
			);
			name = statistic_CLC;
			productName = statistic;
			productReference = D9C8B9F21F7AA69400DF4205 /* statistic_CLC */;
			productType = "com.apple.product-type.tool";
		};
		D9E74A4C1F68801C00E47B88 /* statistic */ = {
			isa = PBXNativeTarget;
			buildConfigurationList = D9E74A531F68801D00E47B88 /* Build configuration list for PBXNativeTarget "statistic" */;
			buildPhases = (
				D9E74A491F68801C00E47B88 /* Sources */,
				D9E74A4A1F68801C00E47B88 /* Frameworks */,
				D9E74A4B1F68801C00E47B88 /* CopyFiles */,
			);
			buildRules = (
			);
			dependencies = (
			);
			name = statistic;
			productName = statistic;
			productReference = D9E74A4D1F68801C00E47B88 /* statistic */;
			productType = "com.apple.product-type.tool";
		};
/* End PBXNativeTarget section */

/* Begin PBXProject section */
		D938F4D31DD3B83000E08A70 /* Project object */ = {
			isa = PBXProject;
			attributes = {
				LastUpgradeCheck = 0930;
				ORGANIZATIONNAME = "Enrico Bertolazzi";
				TargetAttributes = {
					D9179A7A206D211E006B66E7 = {
						DevelopmentTeam = S8X788ZA8Y;
					};
					D92EFA7B2186931500BF8E18 = {
						DevelopmentTeam = S8X788ZA8Y;
					};
					D92EFA942187B03600BF8E18 = {
						DevelopmentTeam = S8X788ZA8Y;
					};
					D938F4DA1DD3B83000E08A70 = {
						CreatedOnToolsVersion = 8.0;
						DevelopmentTeam = S8X788ZA8Y;
						ProvisioningStyle = Automatic;
					};
					D969AF7221708CC200CA4DD0 = {
						DevelopmentTeam = S8X788ZA8Y;
					};
					D981B3021E8D56AF006C933D = {
						CreatedOnToolsVersion = 8.2.1;
						DevelopmentTeam = S8X788ZA8Y;
						ProvisioningStyle = Automatic;
					};
					D9AFBB5B20E28F5900C498EF = {
						DevelopmentTeam = S8X788ZA8Y;
					};
					D9BFDB1220EE3C0E00612F3C = {
						DevelopmentTeam = S8X788ZA8Y;
					};
					D9C3739320BC484100715C11 = {
						DevelopmentTeam = S8X788ZA8Y;
					};
					D9E74A4C1F68801C00E47B88 = {
						CreatedOnToolsVersion = 8.3.3;
						ProvisioningStyle = Automatic;
					};
				};
			};
			buildConfigurationList = D938F4D61DD3B83000E08A70 /* Build configuration list for PBXProject "G2solver" */;
			compatibilityVersion = "Xcode 3.2";
			developmentRegion = English;
			hasScannedForEncodings = 0;
			knownRegions = (
				en,
			);
			mainGroup = D938F4D21DD3B83000E08A70;
			productRefGroup = D938F4DC1DD3B83000E08A70 /* Products */;
			projectDirPath = "";
			projectRoot = "";
			targets = (
				D938F4DA1DD3B83000E08A70 /* G2solver */,
				D981B3021E8D56AF006C933D /* testG2plot */,
				D9E74A4C1F68801C00E47B88 /* statistic */,
				D96E1FAC1F75513000115228 /* statistic_2arc */,
				D9C8B9E11F7AA69400DF4205 /* statistic_CLC */,
				D9179A7A206D211E006B66E7 /* testDistance */,
				D9C3739320BC484100715C11 /* testIntersect */,
				D92EFA7B2186931500BF8E18 /* testIntersect2 */,
				D92EFA942187B03600BF8E18 /* testIntersect3 */,
				D9AFBB5B20E28F5900C498EF /* testTriangle2D */,
				D9BFDB1220EE3C0E00612F3C /* testBiarc */,
				D969AF7221708CC200CA4DD0 /* testPolyline */,
			);
		};
/* End PBXProject section */

/* Begin PBXSourcesBuildPhase section */
		D9179A7B206D211E006B66E7 /* Sources */ = {
			isa = PBXSourcesBuildPhase;
			buildActionMask = 2147483647;
			files = (
				D9179A7C206D211E006B66E7 /* Line.cc in Sources */,
				D9179A7D206D211E006B66E7 /* Triangle2D.cc in Sources */,
				D9179A8F206D2136006B66E7 /* testDistance.cc in Sources */,
				D9179A7E206D211E006B66E7 /* CubicRootsFlocke.cc in Sources */,
				D9179A7F206D211E006B66E7 /* Fresnel.cc in Sources */,
				D9FCD33B2075552700553A10 /* Clothoid.cc in Sources */,
				D9E4310F218DBB10006CC6F3 /* G2lib_intersect.cc in Sources */,
				D9179A80206D211E006B66E7 /* G2lib.cc in Sources */,
				D9179A81206D211E006B66E7 /* ClothoidList.cc in Sources */,
				D9179A82206D211E006B66E7 /* Biarc.cc in Sources */,
				D9179A83206D211E006B66E7 /* ClothoidAsyPlot.cc in Sources */,
				D9FCD342207556DD00553A10 /* ClothoidDistance.cc in Sources */,
				D9179A84206D211E006B66E7 /* Circle.cc in Sources */,
				D9BA2F93217FE5AF009D45BD /* AABBtree.cc in Sources */,
				D9179A86206D211E006B66E7 /* ClothoidG2.cc in Sources */,
				D969AF6E216E4CFE00CA4DD0 /* PolyLine.cc in Sources */,
			);
			runOnlyForDeploymentPostprocessing = 0;
		};
		D92EFA7C2186931500BF8E18 /* Sources */ = {
			isa = PBXSourcesBuildPhase;
			buildActionMask = 2147483647;
			files = (
				D92EFA7D2186931500BF8E18 /* Line.cc in Sources */,
				D92EFA7E2186931500BF8E18 /* Triangle2D.cc in Sources */,
				D92EFA7F2186931500BF8E18 /* CubicRootsFlocke.cc in Sources */,
				D92EFA802186931500BF8E18 /* Fresnel.cc in Sources */,
				D92EFA822186931500BF8E18 /* Clothoid.cc in Sources */,
				D92EFA832186931500BF8E18 /* G2lib.cc in Sources */,
				D9E43111218DBB10006CC6F3 /* G2lib_intersect.cc in Sources */,
				D92EFA842186931500BF8E18 /* ClothoidList.cc in Sources */,
				D92EFA932186932B00BF8E18 /* testIntersect2.cc in Sources */,
				D92EFA852186931500BF8E18 /* Biarc.cc in Sources */,
				D92EFA862186931500BF8E18 /* ClothoidAsyPlot.cc in Sources */,
				D92EFA872186931500BF8E18 /* ClothoidDistance.cc in Sources */,
				D92EFA882186931500BF8E18 /* Circle.cc in Sources */,
				D92EFA892186931500BF8E18 /* AABBtree.cc in Sources */,
				D92EFA8A2186931500BF8E18 /* ClothoidG2.cc in Sources */,
				D92EFA8B2186931500BF8E18 /* PolyLine.cc in Sources */,
			);
			runOnlyForDeploymentPostprocessing = 0;
		};
		D92EFA952187B03600BF8E18 /* Sources */ = {
			isa = PBXSourcesBuildPhase;
			buildActionMask = 2147483647;
			files = (
				D92EFA962187B03600BF8E18 /* Line.cc in Sources */,
				D92EFA972187B03600BF8E18 /* Triangle2D.cc in Sources */,
				D92EFA982187B03600BF8E18 /* CubicRootsFlocke.cc in Sources */,
				D92EFA992187B03600BF8E18 /* Fresnel.cc in Sources */,
				D92EFA9A2187B03600BF8E18 /* Clothoid.cc in Sources */,
				D92EFA9B2187B03600BF8E18 /* G2lib.cc in Sources */,
				D9E43112218DBB10006CC6F3 /* G2lib_intersect.cc in Sources */,
				D92EFA9C2187B03600BF8E18 /* ClothoidList.cc in Sources */,
				D92EFA9E2187B03600BF8E18 /* Biarc.cc in Sources */,
				D92EFAAC2187B05800BF8E18 /* testIntersect3.cc in Sources */,
				D92EFA9F2187B03600BF8E18 /* ClothoidAsyPlot.cc in Sources */,
				D92EFAA02187B03600BF8E18 /* ClothoidDistance.cc in Sources */,
				D92EFAA12187B03600BF8E18 /* Circle.cc in Sources */,
				D92EFAA22187B03600BF8E18 /* AABBtree.cc in Sources */,
				D92EFAA32187B03600BF8E18 /* ClothoidG2.cc in Sources */,
				D92EFAA42187B03600BF8E18 /* PolyLine.cc in Sources */,
			);
			runOnlyForDeploymentPostprocessing = 0;
		};
		D938F4D71DD3B83000E08A70 /* Sources */ = {
			isa = PBXSourcesBuildPhase;
			buildActionMask = 2147483647;
			files = (
				D918ADA61F62C1CE009893C3 /* Line.cc in Sources */,
				D938F4ED1DD3B85200E08A70 /* Triangle2D.cc in Sources */,
				D938F4EC1DD3B85000E08A70 /* CubicRootsFlocke.cc in Sources */,
				D9099D201F5FFB8300740ECF /* Fresnel.cc in Sources */,
				D9099D261F600AA600740ECF /* G2lib.cc in Sources */,
				D9FCD3362075552700553A10 /* Clothoid.cc in Sources */,
				D9E4310A218DBB10006CC6F3 /* G2lib_intersect.cc in Sources */,
				D9614FD51FB8609F007E5770 /* ClothoidList.cc in Sources */,
				D971F8991F613BC2000E663E /* Biarc.cc in Sources */,
				D9BD861C1EFC021300C82B74 /* ClothoidAsyPlot.cc in Sources */,
				D9099D291F600B9400740ECF /* Circle.cc in Sources */,
				D9FCD33D207556DD00553A10 /* ClothoidDistance.cc in Sources */,
				D9A3935A1FA14C64009C1E60 /* testG2.cc in Sources */,
				D9BA2F8E217FD93E009D45BD /* AABBtree.cc in Sources */,
				D971F89C1F6169D2000E663E /* ClothoidG2.cc in Sources */,
				D9E22EE2216CB48F00C033D2 /* PolyLine.cc in Sources */,
			);
			runOnlyForDeploymentPostprocessing = 0;
		};
		D969AF7321708CC200CA4DD0 /* Sources */ = {
			isa = PBXSourcesBuildPhase;
			buildActionMask = 2147483647;
			files = (
				D969AF7421708CC200CA4DD0 /* Line.cc in Sources */,
				D969AF7621708CC200CA4DD0 /* Triangle2D.cc in Sources */,
				D969AF7721708CC200CA4DD0 /* CubicRootsFlocke.cc in Sources */,
				D969AF7821708CC200CA4DD0 /* Fresnel.cc in Sources */,
				D969AF7921708CC200CA4DD0 /* G2lib.cc in Sources */,
				D969AF8921708CEF00CA4DD0 /* testPolyline.cc in Sources */,
				D9E43115218DBB10006CC6F3 /* G2lib_intersect.cc in Sources */,
				D969AF7A21708CC200CA4DD0 /* Clothoid.cc in Sources */,
				D969AF7B21708CC200CA4DD0 /* ClothoidList.cc in Sources */,
				D969AF7C21708CC200CA4DD0 /* Biarc.cc in Sources */,
				D969AF7D21708CC200CA4DD0 /* ClothoidAsyPlot.cc in Sources */,
				D969AF7E21708CC200CA4DD0 /* Circle.cc in Sources */,
				D969AF7F21708CC200CA4DD0 /* ClothoidDistance.cc in Sources */,
				D9BA2F97217FE5B1009D45BD /* AABBtree.cc in Sources */,
				D969AF8021708CC200CA4DD0 /* ClothoidG2.cc in Sources */,
				D969AF8121708CC200CA4DD0 /* PolyLine.cc in Sources */,
			);
			runOnlyForDeploymentPostprocessing = 0;
		};
		D96E1FAD1F75513000115228 /* Sources */ = {
			isa = PBXSourcesBuildPhase;
			buildActionMask = 2147483647;
			files = (
				D9A393581FA14C5C009C1E60 /* testG2stat2arc.cc in Sources */,
				D9FCD340207556DD00553A10 /* ClothoidDistance.cc in Sources */,
				D9FCD3392075552700553A10 /* Clothoid.cc in Sources */,
				D96E1FAE1F75513000115228 /* G2lib.cc in Sources */,
				D9614FD81FB8609F007E5770 /* ClothoidList.cc in Sources */,
				D9BA2F91217FE5AE009D45BD /* AABBtree.cc in Sources */,
				D96E1FAF1F75513000115228 /* ClothoidG2.cc in Sources */,
				D9E4310D218DBB10006CC6F3 /* G2lib_intersect.cc in Sources */,
				D96E1FB01F75513000115228 /* CubicRootsFlocke.cc in Sources */,
				D96E1FB11F75513000115228 /* Biarc.cc in Sources */,
				D96E1FB21F75513000115228 /* Circle.cc in Sources */,
				D96E1FB31F75513000115228 /* Triangle2D.cc in Sources */,
				D96E1FB41F75513000115228 /* Line.cc in Sources */,
				D969AF6C216E4CFC00CA4DD0 /* PolyLine.cc in Sources */,
				D96E1FB51F75513000115228 /* Fresnel.cc in Sources */,
			);
			runOnlyForDeploymentPostprocessing = 0;
		};
		D981B2FF1E8D56AF006C933D /* Sources */ = {
			isa = PBXSourcesBuildPhase;
			buildActionMask = 2147483647;
			files = (
				D971F89D1F6169D2000E663E /* ClothoidG2.cc in Sources */,
				D981B3151E8D5722006C933D /* Triangle2D.cc in Sources */,
				D981B3141E8D5720006C933D /* CubicRootsFlocke.cc in Sources */,
				D9099D221F6001ED00740ECF /* Fresnel.cc in Sources */,
				D9A393561FA14C54009C1E60 /* testG2plot.cc in Sources */,
				D9FCD3372075552700553A10 /* Clothoid.cc in Sources */,
				D9E4310B218DBB10006CC6F3 /* G2lib_intersect.cc in Sources */,
				D9614FD61FB8609F007E5770 /* ClothoidList.cc in Sources */,
				D918ADA81F62E2CA009893C3 /* G2lib.cc in Sources */,
				D971F89A1F613BC2000E663E /* Biarc.cc in Sources */,
				D9FCD33E207556DD00553A10 /* ClothoidDistance.cc in Sources */,
				D918ADA71F62C1CE009893C3 /* Line.cc in Sources */,
				D9BD861D1EFC021300C82B74 /* ClothoidAsyPlot.cc in Sources */,
				D9BA2F8F217FE5AD009D45BD /* AABBtree.cc in Sources */,
				D918ADA91F62E2D2009893C3 /* Circle.cc in Sources */,
				D969AF6A216E4CFB00CA4DD0 /* PolyLine.cc in Sources */,
			);
			runOnlyForDeploymentPostprocessing = 0;
		};
		D9AFBB5C20E28F5900C498EF /* Sources */ = {
			isa = PBXSourcesBuildPhase;
			buildActionMask = 2147483647;
			files = (
				D9AFBB5D20E28F5900C498EF /* Line.cc in Sources */,
				D9AFBB5E20E28F5900C498EF /* Triangle2D.cc in Sources */,
				D9AFBB5F20E28F5900C498EF /* CubicRootsFlocke.cc in Sources */,
				D9AFBB7120E28F6900C498EF /* testTriangle2D.cc in Sources */,
				D9AFBB6020E28F5900C498EF /* Fresnel.cc in Sources */,
				D9AFBB6220E28F5900C498EF /* Clothoid.cc in Sources */,
				D9E43113218DBB10006CC6F3 /* G2lib_intersect.cc in Sources */,
				D9AFBB6320E28F5900C498EF /* G2lib.cc in Sources */,
				D9AFBB6420E28F5900C498EF /* ClothoidList.cc in Sources */,
				D9AFBB6520E28F5900C498EF /* Biarc.cc in Sources */,
				D9AFBB6620E28F5900C498EF /* ClothoidAsyPlot.cc in Sources */,
				D9AFBB6720E28F5900C498EF /* ClothoidDistance.cc in Sources */,
				D9AFBB6820E28F5900C498EF /* Circle.cc in Sources */,
				D9BA2F95217FE5B0009D45BD /* AABBtree.cc in Sources */,
				D9AFBB6920E28F5900C498EF /* ClothoidG2.cc in Sources */,
				D969AF70216E4CFF00CA4DD0 /* PolyLine.cc in Sources */,
			);
			runOnlyForDeploymentPostprocessing = 0;
		};
		D9BFDB1320EE3C0E00612F3C /* Sources */ = {
			isa = PBXSourcesBuildPhase;
			buildActionMask = 2147483647;
			files = (
				D9BFDB1420EE3C0E00612F3C /* Line.cc in Sources */,
				D9BFDB2820EE3C2700612F3C /* testBiarc.cc in Sources */,
				D9BFDB1520EE3C0E00612F3C /* Triangle2D.cc in Sources */,
				D9BFDB1620EE3C0E00612F3C /* CubicRootsFlocke.cc in Sources */,
				D9BFDB1720EE3C0E00612F3C /* Fresnel.cc in Sources */,
				D9BFDB1820EE3C0E00612F3C /* G2lib.cc in Sources */,
				D9E43114218DBB10006CC6F3 /* G2lib_intersect.cc in Sources */,
				D9BFDB1920EE3C0E00612F3C /* Clothoid.cc in Sources */,
				D9BFDB1A20EE3C0E00612F3C /* ClothoidList.cc in Sources */,
				D9BFDB1B20EE3C0E00612F3C /* Biarc.cc in Sources */,
				D9BFDB1C20EE3C0E00612F3C /* ClothoidAsyPlot.cc in Sources */,
				D9BFDB1D20EE3C0E00612F3C /* Circle.cc in Sources */,
				D9BFDB1E20EE3C0E00612F3C /* ClothoidDistance.cc in Sources */,
				D9BA2F96217FE5B0009D45BD /* AABBtree.cc in Sources */,
				D9BFDB2020EE3C0E00612F3C /* ClothoidG2.cc in Sources */,
				D969AF71216E4CFF00CA4DD0 /* PolyLine.cc in Sources */,
			);
			runOnlyForDeploymentPostprocessing = 0;
		};
		D9C3739420BC484100715C11 /* Sources */ = {
			isa = PBXSourcesBuildPhase;
			buildActionMask = 2147483647;
			files = (
				D9C3739520BC484100715C11 /* Line.cc in Sources */,
				D9C3739620BC484100715C11 /* Triangle2D.cc in Sources */,
				D9C3739820BC484100715C11 /* CubicRootsFlocke.cc in Sources */,
				D9C3739920BC484100715C11 /* Fresnel.cc in Sources */,
				D9C373AA20BC485B00715C11 /* testIntersect.cc in Sources */,
				D9C3739A20BC484100715C11 /* Clothoid.cc in Sources */,
				D9E43110218DBB10006CC6F3 /* G2lib_intersect.cc in Sources */,
				D9C3739B20BC484100715C11 /* G2lib.cc in Sources */,
				D9C3739C20BC484100715C11 /* ClothoidList.cc in Sources */,
				D9C3739D20BC484100715C11 /* Biarc.cc in Sources */,
				D9C3739E20BC484100715C11 /* ClothoidAsyPlot.cc in Sources */,
				D9C3739F20BC484100715C11 /* ClothoidDistance.cc in Sources */,
				D9C373A020BC484100715C11 /* Circle.cc in Sources */,
				D9BA2F94217FE5AF009D45BD /* AABBtree.cc in Sources */,
				D9C373A120BC484100715C11 /* ClothoidG2.cc in Sources */,
				D969AF6F216E4CFE00CA4DD0 /* PolyLine.cc in Sources */,
			);
			runOnlyForDeploymentPostprocessing = 0;
		};
		D9C8B9E21F7AA69400DF4205 /* Sources */ = {
			isa = PBXSourcesBuildPhase;
			buildActionMask = 2147483647;
			files = (
				D9C8B9E41F7AA69400DF4205 /* G2lib.cc in Sources */,
				D9FCD341207556DD00553A10 /* ClothoidDistance.cc in Sources */,
				D9FCD33A2075552700553A10 /* Clothoid.cc in Sources */,
				D9C8B9E51F7AA69400DF4205 /* ClothoidG2.cc in Sources */,
				D9614FD91FB8609F007E5770 /* ClothoidList.cc in Sources */,
				D9BA2F92217FE5AF009D45BD /* AABBtree.cc in Sources */,
				D9C8B9E61F7AA69400DF4205 /* CubicRootsFlocke.cc in Sources */,
				D9E4310E218DBB10006CC6F3 /* G2lib_intersect.cc in Sources */,
				D9C8B9E71F7AA69400DF4205 /* Biarc.cc in Sources */,
				D9C8B9E81F7AA69400DF4205 /* Circle.cc in Sources */,
				D9C8B9E91F7AA69400DF4205 /* Triangle2D.cc in Sources */,
				D9C8B9EA1F7AA69400DF4205 /* Line.cc in Sources */,
				D9A393571FA14C57009C1E60 /* testG2statCLC.cc in Sources */,
				D969AF6D216E4CFD00CA4DD0 /* PolyLine.cc in Sources */,
				D9C8B9EB1F7AA69400DF4205 /* Fresnel.cc in Sources */,
			);
			runOnlyForDeploymentPostprocessing = 0;
		};
		D9E74A491F68801C00E47B88 /* Sources */ = {
			isa = PBXSourcesBuildPhase;
			buildActionMask = 2147483647;
			files = (
				D9E74A561F68824E00E47B88 /* G2lib.cc in Sources */,
				D9FCD33F207556DD00553A10 /* ClothoidDistance.cc in Sources */,
				D9FCD3382075552700553A10 /* Clothoid.cc in Sources */,
				D9E74A5D1F68826800E47B88 /* ClothoidG2.cc in Sources */,
				D9614FD71FB8609F007E5770 /* ClothoidList.cc in Sources */,
				D9BA2F90217FE5AE009D45BD /* AABBtree.cc in Sources */,
				D9E74A5E1F68826B00E47B88 /* CubicRootsFlocke.cc in Sources */,
				D9E4310C218DBB10006CC6F3 /* G2lib_intersect.cc in Sources */,
				D9E74A5B1F68825C00E47B88 /* Biarc.cc in Sources */,
				D9E74A5A1F68825900E47B88 /* Circle.cc in Sources */,
				D9E74A581F68825300E47B88 /* Triangle2D.cc in Sources */,
				D9E74A591F68825600E47B88 /* Line.cc in Sources */,
				D9E74A571F68825100E47B88 /* Fresnel.cc in Sources */,
				D969AF6B216E4CFC00CA4DD0 /* PolyLine.cc in Sources */,
				D9A393591FA14C61009C1E60 /* testG2stat.cc in Sources */,
			);
			runOnlyForDeploymentPostprocessing = 0;
		};
/* End PBXSourcesBuildPhase section */

/* Begin XCBuildConfiguration section */
		D9179A8B206D211E006B66E7 /* Debug */ = {
			isa = XCBuildConfiguration;
			buildSettings = {
				DEVELOPMENT_TEAM = S8X788ZA8Y;
				PRODUCT_NAME = "$(TARGET_NAME)";
			};
			name = Debug;
		};
		D9179A8C206D211E006B66E7 /* Release */ = {
			isa = XCBuildConfiguration;
			buildSettings = {
				DEVELOPMENT_TEAM = S8X788ZA8Y;
				PRODUCT_NAME = "$(TARGET_NAME)";
			};
			name = Release;
		};
		D92EFA8F2186931500BF8E18 /* Debug */ = {
			isa = XCBuildConfiguration;
			buildSettings = {
				DEVELOPMENT_TEAM = S8X788ZA8Y;
				PRODUCT_NAME = "$(TARGET_NAME)";
			};
			name = Debug;
		};
		D92EFA902186931500BF8E18 /* Release */ = {
			isa = XCBuildConfiguration;
			buildSettings = {
				DEVELOPMENT_TEAM = S8X788ZA8Y;
				PRODUCT_NAME = "$(TARGET_NAME)";
			};
			name = Release;
		};
		D92EFAA82187B03600BF8E18 /* Debug */ = {
			isa = XCBuildConfiguration;
			buildSettings = {
				DEVELOPMENT_TEAM = S8X788ZA8Y;
				PRODUCT_NAME = "$(TARGET_NAME)";
			};
			name = Debug;
		};
		D92EFAA92187B03600BF8E18 /* Release */ = {
			isa = XCBuildConfiguration;
			buildSettings = {
				DEVELOPMENT_TEAM = S8X788ZA8Y;
				PRODUCT_NAME = "$(TARGET_NAME)";
			};
			name = Release;
		};
		D938F4E01DD3B83000E08A70 /* Debug */ = {
			isa = XCBuildConfiguration;
			buildSettings = {
				ALWAYS_SEARCH_USER_PATHS = NO;
				CLANG_ANALYZER_NONNULL = YES;
				CLANG_ANALYZER_SECURITY_FLOATLOOPCOUNTER = YES;
				CLANG_ANALYZER_SECURITY_INSECUREAPI_STRCPY = YES;
				CLANG_CXX_LANGUAGE_STANDARD = "c++0x";
				CLANG_CXX_LIBRARY = "libc++";
				CLANG_ENABLE_MODULES = YES;
				CLANG_ENABLE_OBJC_ARC = YES;
				CLANG_WARN_BLOCK_CAPTURE_AUTORELEASING = YES;
				CLANG_WARN_BOOL_CONVERSION = YES;
				CLANG_WARN_COMMA = YES;
				CLANG_WARN_CONSTANT_CONVERSION = YES;
				CLANG_WARN_CXX0X_EXTENSIONS = YES;
				CLANG_WARN_DEPRECATED_OBJC_IMPLEMENTATIONS = YES;
				CLANG_WARN_DIRECT_OBJC_ISA_USAGE = YES_ERROR;
				CLANG_WARN_DOCUMENTATION_COMMENTS = YES;
				CLANG_WARN_EMPTY_BODY = YES;
				CLANG_WARN_ENUM_CONVERSION = YES;
				CLANG_WARN_INFINITE_RECURSION = YES;
				CLANG_WARN_INT_CONVERSION = YES;
				CLANG_WARN_NON_LITERAL_NULL_CONVERSION = YES;
				CLANG_WARN_OBJC_EXPLICIT_OWNERSHIP_TYPE = YES;
				CLANG_WARN_OBJC_IMPLICIT_RETAIN_SELF = YES;
				CLANG_WARN_OBJC_LITERAL_CONVERSION = YES;
				CLANG_WARN_OBJC_ROOT_CLASS = YES_ERROR;
				CLANG_WARN_RANGE_LOOP_ANALYSIS = YES;
				CLANG_WARN_SEMICOLON_BEFORE_METHOD_BODY = YES;
				CLANG_WARN_STRICT_PROTOTYPES = YES;
				CLANG_WARN_SUSPICIOUS_IMPLICIT_CONVERSION = YES;
				CLANG_WARN_SUSPICIOUS_MOVE = YES;
				CLANG_WARN_SUSPICIOUS_MOVES = YES;
				CLANG_WARN_UNREACHABLE_CODE = YES;
				CLANG_WARN__DUPLICATE_METHOD_MATCH = YES;
				CLANG_WARN__EXIT_TIME_DESTRUCTORS = YES;
				CODE_SIGN_IDENTITY = "-";
				COPY_PHASE_STRIP = NO;
				DEBUG_INFORMATION_FORMAT = dwarf;
				ENABLE_STRICT_OBJC_MSGSEND = YES;
				ENABLE_TESTABILITY = YES;
				GCC_C_LANGUAGE_STANDARD = gnu99;
				GCC_DYNAMIC_NO_PIC = NO;
				GCC_NO_COMMON_BLOCKS = YES;
				GCC_OPTIMIZATION_LEVEL = 0;
				GCC_PREPROCESSOR_DEFINITIONS = (
					"DEBUG=1",
					"$(inherited)",
				);
				GCC_WARN_64_TO_32_BIT_CONVERSION = YES;
				GCC_WARN_ABOUT_RETURN_TYPE = YES_ERROR;
				GCC_WARN_HIDDEN_VIRTUAL_FUNCTIONS = YES;
				GCC_WARN_NON_VIRTUAL_DESTRUCTOR = YES;
				GCC_WARN_STRICT_SELECTOR_MATCH = YES;
				GCC_WARN_UNDECLARED_SELECTOR = YES;
				GCC_WARN_UNINITIALIZED_AUTOS = YES_AGGRESSIVE;
				GCC_WARN_UNUSED_FUNCTION = YES;
				GCC_WARN_UNUSED_LABEL = YES;
				GCC_WARN_UNUSED_PARAMETER = YES;
				GCC_WARN_UNUSED_VARIABLE = YES;
				MACOSX_DEPLOYMENT_TARGET = 10.12;
				MTL_ENABLE_DEBUG_INFO = YES;
				ONLY_ACTIVE_ARCH = YES;
				SDKROOT = macosx;
				WARNING_CFLAGS = "-Weverything";
			};
			name = Debug;
		};
		D938F4E11DD3B83000E08A70 /* Release */ = {
			isa = XCBuildConfiguration;
			buildSettings = {
				ALWAYS_SEARCH_USER_PATHS = NO;
				CLANG_ANALYZER_NONNULL = YES;
				CLANG_ANALYZER_SECURITY_FLOATLOOPCOUNTER = YES;
				CLANG_ANALYZER_SECURITY_INSECUREAPI_STRCPY = YES;
				CLANG_CXX_LANGUAGE_STANDARD = "c++0x";
				CLANG_CXX_LIBRARY = "libc++";
				CLANG_ENABLE_MODULES = YES;
				CLANG_ENABLE_OBJC_ARC = YES;
				CLANG_WARN_BLOCK_CAPTURE_AUTORELEASING = YES;
				CLANG_WARN_BOOL_CONVERSION = YES;
				CLANG_WARN_COMMA = YES;
				CLANG_WARN_CONSTANT_CONVERSION = YES;
				CLANG_WARN_CXX0X_EXTENSIONS = YES;
				CLANG_WARN_DEPRECATED_OBJC_IMPLEMENTATIONS = YES;
				CLANG_WARN_DIRECT_OBJC_ISA_USAGE = YES_ERROR;
				CLANG_WARN_DOCUMENTATION_COMMENTS = YES;
				CLANG_WARN_EMPTY_BODY = YES;
				CLANG_WARN_ENUM_CONVERSION = YES;
				CLANG_WARN_INFINITE_RECURSION = YES;
				CLANG_WARN_INT_CONVERSION = YES;
				CLANG_WARN_NON_LITERAL_NULL_CONVERSION = YES;
				CLANG_WARN_OBJC_EXPLICIT_OWNERSHIP_TYPE = YES;
				CLANG_WARN_OBJC_IMPLICIT_RETAIN_SELF = YES;
				CLANG_WARN_OBJC_LITERAL_CONVERSION = YES;
				CLANG_WARN_OBJC_ROOT_CLASS = YES_ERROR;
				CLANG_WARN_RANGE_LOOP_ANALYSIS = YES;
				CLANG_WARN_SEMICOLON_BEFORE_METHOD_BODY = YES;
				CLANG_WARN_STRICT_PROTOTYPES = YES;
				CLANG_WARN_SUSPICIOUS_IMPLICIT_CONVERSION = YES;
				CLANG_WARN_SUSPICIOUS_MOVE = YES;
				CLANG_WARN_SUSPICIOUS_MOVES = YES;
				CLANG_WARN_UNREACHABLE_CODE = YES;
				CLANG_WARN__DUPLICATE_METHOD_MATCH = YES;
				CLANG_WARN__EXIT_TIME_DESTRUCTORS = YES;
				CODE_SIGN_IDENTITY = "-";
				COPY_PHASE_STRIP = NO;
				DEBUG_INFORMATION_FORMAT = "dwarf-with-dsym";
				ENABLE_NS_ASSERTIONS = NO;
				ENABLE_STRICT_OBJC_MSGSEND = YES;
				GCC_C_LANGUAGE_STANDARD = gnu99;
				GCC_NO_COMMON_BLOCKS = YES;
				GCC_WARN_64_TO_32_BIT_CONVERSION = YES;
				GCC_WARN_ABOUT_RETURN_TYPE = YES_ERROR;
				GCC_WARN_HIDDEN_VIRTUAL_FUNCTIONS = YES;
				GCC_WARN_NON_VIRTUAL_DESTRUCTOR = YES;
				GCC_WARN_STRICT_SELECTOR_MATCH = YES;
				GCC_WARN_UNDECLARED_SELECTOR = YES;
				GCC_WARN_UNINITIALIZED_AUTOS = YES_AGGRESSIVE;
				GCC_WARN_UNUSED_FUNCTION = YES;
				GCC_WARN_UNUSED_LABEL = YES;
				GCC_WARN_UNUSED_PARAMETER = YES;
				GCC_WARN_UNUSED_VARIABLE = YES;
				MACOSX_DEPLOYMENT_TARGET = 10.12;
				MTL_ENABLE_DEBUG_INFO = NO;
				SDKROOT = macosx;
				WARNING_CFLAGS = "-Weverything";
			};
			name = Release;
		};
		D938F4E31DD3B83000E08A70 /* Debug */ = {
			isa = XCBuildConfiguration;
			buildSettings = {
				DEVELOPMENT_TEAM = S8X788ZA8Y;
				PRODUCT_NAME = "$(TARGET_NAME)";
			};
			name = Debug;
		};
		D938F4E41DD3B83000E08A70 /* Release */ = {
			isa = XCBuildConfiguration;
			buildSettings = {
				DEVELOPMENT_TEAM = S8X788ZA8Y;
				PRODUCT_NAME = "$(TARGET_NAME)";
			};
			name = Release;
		};
		D969AF8521708CC200CA4DD0 /* Debug */ = {
			isa = XCBuildConfiguration;
			buildSettings = {
				DEVELOPMENT_TEAM = S8X788ZA8Y;
				PRODUCT_NAME = "$(TARGET_NAME)";
			};
			name = Debug;
		};
		D969AF8621708CC200CA4DD0 /* Release */ = {
			isa = XCBuildConfiguration;
			buildSettings = {
				DEVELOPMENT_TEAM = S8X788ZA8Y;
				PRODUCT_NAME = "$(TARGET_NAME)";
			};
			name = Release;
		};
		D96E1FBB1F75513000115228 /* Debug */ = {
			isa = XCBuildConfiguration;
			buildSettings = {
				CLANG_ANALYZER_NUMBER_OBJECT_CONVERSION = YES_AGGRESSIVE;
				PRODUCT_NAME = "$(TARGET_NAME)";
			};
			name = Debug;
		};
		D96E1FBC1F75513000115228 /* Release */ = {
			isa = XCBuildConfiguration;
			buildSettings = {
				CLANG_ANALYZER_NUMBER_OBJECT_CONVERSION = YES_AGGRESSIVE;
				PRODUCT_NAME = "$(TARGET_NAME)";
			};
			name = Release;
		};
		D981B3071E8D56AF006C933D /* Debug */ = {
			isa = XCBuildConfiguration;
			buildSettings = {
				CLANG_WARN_SUSPICIOUS_MOVE = YES;
				DEVELOPMENT_TEAM = S8X788ZA8Y;
				PRODUCT_NAME = "$(TARGET_NAME)";
			};
			name = Debug;
		};
		D981B3081E8D56AF006C933D /* Release */ = {
			isa = XCBuildConfiguration;
			buildSettings = {
				CLANG_WARN_SUSPICIOUS_MOVE = YES;
				DEVELOPMENT_TEAM = S8X788ZA8Y;
				PRODUCT_NAME = "$(TARGET_NAME)";
			};
			name = Release;
		};
		D9AFBB6D20E28F5900C498EF /* Debug */ = {
			isa = XCBuildConfiguration;
			buildSettings = {
				DEVELOPMENT_TEAM = S8X788ZA8Y;
				PRODUCT_NAME = "$(TARGET_NAME)";
			};
			name = Debug;
		};
		D9AFBB6E20E28F5900C498EF /* Release */ = {
			isa = XCBuildConfiguration;
			buildSettings = {
				DEVELOPMENT_TEAM = S8X788ZA8Y;
				PRODUCT_NAME = "$(TARGET_NAME)";
			};
			name = Release;
		};
		D9BFDB2420EE3C0E00612F3C /* Debug */ = {
			isa = XCBuildConfiguration;
			buildSettings = {
				DEVELOPMENT_TEAM = S8X788ZA8Y;
				PRODUCT_NAME = "$(TARGET_NAME)";
			};
			name = Debug;
		};
		D9BFDB2520EE3C0E00612F3C /* Release */ = {
			isa = XCBuildConfiguration;
			buildSettings = {
				DEVELOPMENT_TEAM = S8X788ZA8Y;
				PRODUCT_NAME = "$(TARGET_NAME)";
			};
			name = Release;
		};
		D9C373A620BC484100715C11 /* Debug */ = {
			isa = XCBuildConfiguration;
			buildSettings = {
				DEVELOPMENT_TEAM = S8X788ZA8Y;
				PRODUCT_NAME = "$(TARGET_NAME)";
			};
			name = Debug;
		};
		D9C373A720BC484100715C11 /* Release */ = {
			isa = XCBuildConfiguration;
			buildSettings = {
				DEVELOPMENT_TEAM = S8X788ZA8Y;
				PRODUCT_NAME = "$(TARGET_NAME)";
			};
			name = Release;
		};
		D9C8B9F01F7AA69400DF4205 /* Debug */ = {
			isa = XCBuildConfiguration;
			buildSettings = {
				CLANG_ANALYZER_NUMBER_OBJECT_CONVERSION = YES_AGGRESSIVE;
				PRODUCT_NAME = "$(TARGET_NAME)";
			};
			name = Debug;
		};
		D9C8B9F11F7AA69400DF4205 /* Release */ = {
			isa = XCBuildConfiguration;
			buildSettings = {
				CLANG_ANALYZER_NUMBER_OBJECT_CONVERSION = YES_AGGRESSIVE;
				PRODUCT_NAME = "$(TARGET_NAME)";
			};
			name = Release;
		};
		D9E74A511F68801D00E47B88 /* Debug */ = {
			isa = XCBuildConfiguration;
			buildSettings = {
				CLANG_ANALYZER_NUMBER_OBJECT_CONVERSION = YES_AGGRESSIVE;
				PRODUCT_NAME = "$(TARGET_NAME)";
			};
			name = Debug;
		};
		D9E74A521F68801D00E47B88 /* Release */ = {
			isa = XCBuildConfiguration;
			buildSettings = {
				CLANG_ANALYZER_NUMBER_OBJECT_CONVERSION = YES_AGGRESSIVE;
				PRODUCT_NAME = "$(TARGET_NAME)";
			};
			name = Release;
		};
/* End XCBuildConfiguration section */

/* Begin XCConfigurationList section */
		D9179A8A206D211E006B66E7 /* Build configuration list for PBXNativeTarget "testDistance" */ = {
			isa = XCConfigurationList;
			buildConfigurations = (
				D9179A8B206D211E006B66E7 /* Debug */,
				D9179A8C206D211E006B66E7 /* Release */,
			);
			defaultConfigurationIsVisible = 0;
			defaultConfigurationName = Release;
		};
		D92EFA8E2186931500BF8E18 /* Build configuration list for PBXNativeTarget "testIntersect2" */ = {
			isa = XCConfigurationList;
			buildConfigurations = (
				D92EFA8F2186931500BF8E18 /* Debug */,
				D92EFA902186931500BF8E18 /* Release */,
			);
			defaultConfigurationIsVisible = 0;
			defaultConfigurationName = Release;
		};
		D92EFAA72187B03600BF8E18 /* Build configuration list for PBXNativeTarget "testIntersect3" */ = {
			isa = XCConfigurationList;
			buildConfigurations = (
				D92EFAA82187B03600BF8E18 /* Debug */,
				D92EFAA92187B03600BF8E18 /* Release */,
			);
			defaultConfigurationIsVisible = 0;
			defaultConfigurationName = Release;
		};
		D938F4D61DD3B83000E08A70 /* Build configuration list for PBXProject "G2solver" */ = {
			isa = XCConfigurationList;
			buildConfigurations = (
				D938F4E01DD3B83000E08A70 /* Debug */,
				D938F4E11DD3B83000E08A70 /* Release */,
			);
			defaultConfigurationIsVisible = 0;
			defaultConfigurationName = Release;
		};
		D938F4E21DD3B83000E08A70 /* Build configuration list for PBXNativeTarget "G2solver" */ = {
			isa = XCConfigurationList;
			buildConfigurations = (
				D938F4E31DD3B83000E08A70 /* Debug */,
				D938F4E41DD3B83000E08A70 /* Release */,
			);
			defaultConfigurationIsVisible = 0;
			defaultConfigurationName = Release;
		};
		D969AF8421708CC200CA4DD0 /* Build configuration list for PBXNativeTarget "testPolyline" */ = {
			isa = XCConfigurationList;
			buildConfigurations = (
				D969AF8521708CC200CA4DD0 /* Debug */,
				D969AF8621708CC200CA4DD0 /* Release */,
			);
			defaultConfigurationIsVisible = 0;
			defaultConfigurationName = Release;
		};
		D96E1FBA1F75513000115228 /* Build configuration list for PBXNativeTarget "statistic_2arc" */ = {
			isa = XCConfigurationList;
			buildConfigurations = (
				D96E1FBB1F75513000115228 /* Debug */,
				D96E1FBC1F75513000115228 /* Release */,
			);
			defaultConfigurationIsVisible = 0;
			defaultConfigurationName = Release;
		};
		D981B3091E8D56AF006C933D /* Build configuration list for PBXNativeTarget "testG2plot" */ = {
			isa = XCConfigurationList;
			buildConfigurations = (
				D981B3071E8D56AF006C933D /* Debug */,
				D981B3081E8D56AF006C933D /* Release */,
			);
			defaultConfigurationIsVisible = 0;
			defaultConfigurationName = Release;
		};
		D9AFBB6C20E28F5900C498EF /* Build configuration list for PBXNativeTarget "testTriangle2D" */ = {
			isa = XCConfigurationList;
			buildConfigurations = (
				D9AFBB6D20E28F5900C498EF /* Debug */,
				D9AFBB6E20E28F5900C498EF /* Release */,
			);
			defaultConfigurationIsVisible = 0;
			defaultConfigurationName = Release;
		};
		D9BFDB2320EE3C0E00612F3C /* Build configuration list for PBXNativeTarget "testBiarc" */ = {
			isa = XCConfigurationList;
			buildConfigurations = (
				D9BFDB2420EE3C0E00612F3C /* Debug */,
				D9BFDB2520EE3C0E00612F3C /* Release */,
			);
			defaultConfigurationIsVisible = 0;
			defaultConfigurationName = Release;
		};
		D9C373A520BC484100715C11 /* Build configuration list for PBXNativeTarget "testIntersect" */ = {
			isa = XCConfigurationList;
			buildConfigurations = (
				D9C373A620BC484100715C11 /* Debug */,
				D9C373A720BC484100715C11 /* Release */,
			);
			defaultConfigurationIsVisible = 0;
			defaultConfigurationName = Release;
		};
		D9C8B9EF1F7AA69400DF4205 /* Build configuration list for PBXNativeTarget "statistic_CLC" */ = {
			isa = XCConfigurationList;
			buildConfigurations = (
				D9C8B9F01F7AA69400DF4205 /* Debug */,
				D9C8B9F11F7AA69400DF4205 /* Release */,
			);
			defaultConfigurationIsVisible = 0;
			defaultConfigurationName = Release;
		};
		D9E74A531F68801D00E47B88 /* Build configuration list for PBXNativeTarget "statistic" */ = {
			isa = XCConfigurationList;
			buildConfigurations = (
				D9E74A511F68801D00E47B88 /* Debug */,
				D9E74A521F68801D00E47B88 /* Release */,
			);
			defaultConfigurationIsVisible = 0;
			defaultConfigurationName = Release;
		};
/* End XCConfigurationList section */
	};
	rootObject = D938F4D31DD3B83000E08A70 /* Project object */;
}
